// !$*UTF8*$!
{
	archiveVersion = 1;
	classes = {
	};
	objectVersion = 50;
	objects = {

/* Begin PBXBuildFile section */
		CF13255B2222B6D40097F9A1 /* TextModeFrame.cpp in Sources */ = {isa = PBXBuildFile; fileRef = CF13255A2222B6D40097F9A1 /* TextModeFrame.cpp */; };
		CF13255D2222B6DD0097F9A1 /* TextModeFrame.h in Headers */ = {isa = PBXBuildFile; fileRef = CF13255C2222B6DD0097F9A1 /* TextModeFrame.h */; };
		CFD79A7F21F65A980043A26D /* default.xcconfig in Resources */ = {isa = PBXBuildFile; fileRef = CFD79A7B21F65A980043A26D /* default.xcconfig */; };
		CFD79A8021F65A980043A26D /* tests.xcconfig in Resources */ = {isa = PBXBuildFile; fileRef = CFD79A7C21F65A980043A26D /* tests.xcconfig */; };
		CFD79A8121F65A980043A26D /* debug.xcconfig in Resources */ = {isa = PBXBuildFile; fileRef = CFD79A7D21F65A980043A26D /* debug.xcconfig */; };
		CFD79A8221F65A980043A26D /* release.xcconfig in Resources */ = {isa = PBXBuildFile; fileRef = CFD79A7E21F65A980043A26D /* release.xcconfig */; };
		CFD79A8C21F65B4F0043A26D /* InternalViewerViewPreviewMode.mm in Sources */ = {isa = PBXBuildFile; fileRef = CFD79A8621F65B4E0043A26D /* InternalViewerViewPreviewMode.mm */; };
		CFD79A8D21F65B4F0043A26D /* BigFileViewText.mm in Sources */ = {isa = PBXBuildFile; fileRef = CFD79A8721F65B4E0043A26D /* BigFileViewText.mm */; };
		CFD79A8E21F65B4F0043A26D /* Theme.mm in Sources */ = {isa = PBXBuildFile; fileRef = CFD79A8821F65B4F0043A26D /* Theme.mm */; };
		CFD79A8F21F65B4F0043A26D /* BigFileView.mm in Sources */ = {isa = PBXBuildFile; fileRef = CFD79A8921F65B4F0043A26D /* BigFileView.mm */; };
		CFD79A9021F65B4F0043A26D /* BigFileViewHex.mm in Sources */ = {isa = PBXBuildFile; fileRef = CFD79A8A21F65B4F0043A26D /* BigFileViewHex.mm */; };
		CFD79A9121F65B4F0043A26D /* BigFileViewDataBackend.cpp in Sources */ = {isa = PBXBuildFile; fileRef = CFD79A8B21F65B4F0043A26D /* BigFileViewDataBackend.cpp */; };
		CFD79A9921F65B570043A26D /* BigFileViewProtocol.h in Headers */ = {isa = PBXBuildFile; fileRef = CFD79A9221F65B570043A26D /* BigFileViewProtocol.h */; };
		CFD79A9A21F65B570043A26D /* Theme.h in Headers */ = {isa = PBXBuildFile; fileRef = CFD79A9321F65B570043A26D /* Theme.h */; };
		CFD79A9B21F65B570043A26D /* BigFileViewDataBackend.h in Headers */ = {isa = PBXBuildFile; fileRef = CFD79A9421F65B570043A26D /* BigFileViewDataBackend.h */; };
		CFD79A9C21F65B570043A26D /* InternalViewerViewPreviewMode.h in Headers */ = {isa = PBXBuildFile; fileRef = CFD79A9521F65B570043A26D /* InternalViewerViewPreviewMode.h */; };
		CFD79A9D21F65B570043A26D /* BigFileViewText.h in Headers */ = {isa = PBXBuildFile; fileRef = CFD79A9621F65B570043A26D /* BigFileViewText.h */; };
		CFD79A9E21F65B570043A26D /* BigFileView.h in Headers */ = {isa = PBXBuildFile; fileRef = CFD79A9721F65B570043A26D /* BigFileView.h */; };
		CFD79A9F21F65B570043A26D /* BigFileViewHex.h in Headers */ = {isa = PBXBuildFile; fileRef = CFD79A9821F65B570043A26D /* BigFileViewHex.h */; };
		CFD79AA221F65BA10043A26D /* Cocoa.framework in Frameworks */ = {isa = PBXBuildFile; fileRef = CFD79AA121F65BA10043A26D /* Cocoa.framework */; };
		CFD79AA421F65BA60043A26D /* CoreFoundation.framework in Frameworks */ = {isa = PBXBuildFile; fileRef = CFD79AA321F65BA60043A26D /* CoreFoundation.framework */; };
		CFD79AA621F65BAA0043A26D /* CoreText.framework in Frameworks */ = {isa = PBXBuildFile; fileRef = CFD79AA521F65BAA0043A26D /* CoreText.framework */; };
		CFD79AA821F65BB20043A26D /* Quartz.framework in Frameworks */ = {isa = PBXBuildFile; fileRef = CFD79AA721F65BB20043A26D /* Quartz.framework */; };
		CFD79AAA21F65BB70043A26D /* libUtility.dylib in Frameworks */ = {isa = PBXBuildFile; fileRef = CFD79AA921F65BB70043A26D /* libUtility.dylib */; };
		CFD79AAC21F65BBC0043A26D /* libConfig.dylib in Frameworks */ = {isa = PBXBuildFile; fileRef = CFD79AAB21F65BBC0043A26D /* libConfig.dylib */; };
		CFD79AAE21F65BC20043A26D /* libVFS.dylib in Frameworks */ = {isa = PBXBuildFile; fileRef = CFD79AAD21F65BC20043A26D /* libVFS.dylib */; };
		CFD79AB021F65BC60043A26D /* libHabanero.dylib in Frameworks */ = {isa = PBXBuildFile; fileRef = CFD79AAF21F65BC60043A26D /* libHabanero.dylib */; };
		CFD79AB421FCA4E50043A26D /* History.h in Headers */ = {isa = PBXBuildFile; fileRef = CFD79AB321FCA4E50043A26D /* History.h */; };
		CFD79AB621FCA4F30043A26D /* History.cpp in Sources */ = {isa = PBXBuildFile; fileRef = CFD79AB521FCA4F30043A26D /* History.cpp */; };
		CFD79AB821FCA8900043A26D /* Modes.h in Headers */ = {isa = PBXBuildFile; fileRef = CFD79AB721FCA8900043A26D /* Modes.h */; };
		CFD79B0321FE4CC40043A26D /* InternalViewerController.h in Headers */ = {isa = PBXBuildFile; fileRef = CFD79B0221FE4CC40043A26D /* InternalViewerController.h */; };
		CFD79B0521FE4CCC0043A26D /* InternalViewerController.mm in Sources */ = {isa = PBXBuildFile; fileRef = CFD79B0421FE4CCC0043A26D /* InternalViewerController.mm */; };
		CFD79B0721FE4D400043A26D /* CUI.framework in Frameworks */ = {isa = PBXBuildFile; fileRef = CFD79B0621FE4D400043A26D /* CUI.framework */; };
		CFD79B0A21FE4F430043A26D /* InternalViewerController.xib in Resources */ = {isa = PBXBuildFile; fileRef = CFD79B0821FE4F430043A26D /* InternalViewerController.xib */; };
		CFD79B102205B82F0043A26D /* BigFileViewSheet.h in Headers */ = {isa = PBXBuildFile; fileRef = CFD79B0F2205B82F0043A26D /* BigFileViewSheet.h */; };
		CFD79B122205B8360043A26D /* BigFileViewSheet.mm in Sources */ = {isa = PBXBuildFile; fileRef = CFD79B112205B8360043A26D /* BigFileViewSheet.mm */; };
		CFD79B152205B8450043A26D /* BigFileViewSheet.xib in Resources */ = {isa = PBXBuildFile; fileRef = CFD79B132205B8450043A26D /* BigFileViewSheet.xib */; };
		CFD79B182205DE3E0043A26D /* InternalViewerToolbarProtocol.h in Headers */ = {isa = PBXBuildFile; fileRef = CFD79B172205DE3D0043A26D /* InternalViewerToolbarProtocol.h */; };
		CFD79B1A2205DE480043A26D /* InternalViewerToolbarProtocol.mm in Sources */ = {isa = PBXBuildFile; fileRef = CFD79B192205DE480043A26D /* InternalViewerToolbarProtocol.mm */; };
		CFD79B1D2205DE520043A26D /* InternalViewerToolbar.xib in Resources */ = {isa = PBXBuildFile; fileRef = CFD79B1B2205DE520043A26D /* InternalViewerToolbar.xib */; };
		CFD79B202205DE9D0043A26D /* InternalViewerWindowController.h in Headers */ = {isa = PBXBuildFile; fileRef = CFD79B1F2205DE9C0043A26D /* InternalViewerWindowController.h */; };
		CFD79B222205DEA50043A26D /* InternalViewerWindowController.mm in Sources */ = {isa = PBXBuildFile; fileRef = CFD79B212205DEA40043A26D /* InternalViewerWindowController.mm */; };
		CFD79B242205DEB30043A26D /* InternalViewerWindowController.xib in Resources */ = {isa = PBXBuildFile; fileRef = CFD79B232205DEB30043A26D /* InternalViewerWindowController.xib */; };
		CFD79B3E221045210043A26D /* TextProcessing.h in Headers */ = {isa = PBXBuildFile; fileRef = CFD79B3D221045210043A26D /* TextProcessing.h */; };
		CFD79B402210452C0043A26D /* TextProcessing.cpp in Sources */ = {isa = PBXBuildFile; fileRef = CFD79B3F2210452C0043A26D /* TextProcessing.cpp */; };
		CFD79B5922106E3C0043A26D /* Tests.h in Headers */ = {isa = PBXBuildFile; fileRef = CFD79B5722106E3B0043A26D /* Tests.h */; };
		CFD79B5B22106E5F0043A26D /* Tests.cpp in Sources */ = {isa = PBXBuildFile; fileRef = CFD79B5822106E3C0043A26D /* Tests.cpp */; };
		CFD79B6A22106F080043A26D /* TestProcessingTests.cpp in Sources */ = {isa = PBXBuildFile; fileRef = CFD79B6822106F000043A26D /* TestProcessingTests.cpp */; };
		CFD79B6B221071180043A26D /* Viewer.framework in Frameworks */ = {isa = PBXBuildFile; fileRef = CFD79A6221F65A010043A26D /* Viewer.framework */; };
		CFD79B6D221097A40043A26D /* IndexedTextLine.h in Headers */ = {isa = PBXBuildFile; fileRef = CFD79B6C221097A40043A26D /* IndexedTextLine.h */; };
		CFD79B6F221097B30043A26D /* IndexedTextLine.cpp in Sources */ = {isa = PBXBuildFile; fileRef = CFD79B6E221097B30043A26D /* IndexedTextLine.cpp */; };
		CFD79B722210B6DB0043A26D /* TextModeWorkingSet.cpp in Sources */ = {isa = PBXBuildFile; fileRef = CFD79B702210B6DB0043A26D /* TextModeWorkingSet.cpp */; };
		CFD79B812214C46C0043A26D /* TextModeWorkingSet.h in Headers */ = {isa = PBXBuildFile; fileRef = CFD79B802214C46C0043A26D /* TextModeWorkingSet.h */; };
		CFD79B8422198DB50043A26D /* TestModeWorkingSet_UT.cpp in Sources */ = {isa = PBXBuildFile; fileRef = CFD79B8222198DA80043A26D /* TestModeWorkingSet_UT.cpp */; };
		CFD79B85221991130043A26D /* libUtility.dylib in Frameworks */ = {isa = PBXBuildFile; fileRef = CFD79AA921F65BB70043A26D /* libUtility.dylib */; };
		CFEA2D6F221CADC0008BE48C /* libHabanero.dylib in Frameworks */ = {isa = PBXBuildFile; fileRef = CFD79AAF21F65BC60043A26D /* libHabanero.dylib */; };
/* End PBXBuildFile section */

/* Begin PBXCopyFilesBuildPhase section */
		CFD79B4E22106E010043A26D /* CopyFiles */ = {
			isa = PBXCopyFilesBuildPhase;
			buildActionMask = 2147483647;
			dstPath = /usr/share/man/man1/;
			dstSubfolderSpec = 0;
			files = (
			);
			runOnlyForDeploymentPostprocessing = 1;
		};
/* End PBXCopyFilesBuildPhase section */

/* Begin PBXFileReference section */
		CF13255A2222B6D40097F9A1 /* TextModeFrame.cpp */ = {isa = PBXFileReference; fileEncoding = 4; lastKnownFileType = sourcecode.cpp.cpp; name = TextModeFrame.cpp; path = source/TextModeFrame.cpp; sourceTree = "<group>"; };
		CF13255C2222B6DD0097F9A1 /* TextModeFrame.h */ = {isa = PBXFileReference; fileEncoding = 4; lastKnownFileType = sourcecode.c.h; name = TextModeFrame.h; path = include/Viewer/TextModeFrame.h; sourceTree = "<group>"; };
		CFD79A6221F65A010043A26D /* Viewer.framework */ = {isa = PBXFileReference; explicitFileType = wrapper.framework; includeInIndex = 0; path = Viewer.framework; sourceTree = BUILT_PRODUCTS_DIR; };
		CFD79A6621F65A010043A26D /* Info.plist */ = {isa = PBXFileReference; lastKnownFileType = text.plist.xml; name = Info.plist; path = resources/Info.plist; sourceTree = SOURCE_ROOT; };
		CFD79A7B21F65A980043A26D /* default.xcconfig */ = {isa = PBXFileReference; fileEncoding = 4; lastKnownFileType = text.xcconfig; name = default.xcconfig; path = config/default.xcconfig; sourceTree = "<group>"; wrapsLines = 1; };
		CFD79A7C21F65A980043A26D /* tests.xcconfig */ = {isa = PBXFileReference; fileEncoding = 4; lastKnownFileType = text.xcconfig; name = tests.xcconfig; path = config/tests.xcconfig; sourceTree = "<group>"; };
		CFD79A7D21F65A980043A26D /* debug.xcconfig */ = {isa = PBXFileReference; fileEncoding = 4; lastKnownFileType = text.xcconfig; name = debug.xcconfig; path = config/debug.xcconfig; sourceTree = "<group>"; };
		CFD79A7E21F65A980043A26D /* release.xcconfig */ = {isa = PBXFileReference; fileEncoding = 4; lastKnownFileType = text.xcconfig; name = release.xcconfig; path = config/release.xcconfig; sourceTree = "<group>"; };
		CFD79A8621F65B4E0043A26D /* InternalViewerViewPreviewMode.mm */ = {isa = PBXFileReference; fileEncoding = 4; lastKnownFileType = sourcecode.cpp.objcpp; name = InternalViewerViewPreviewMode.mm; path = source/InternalViewerViewPreviewMode.mm; sourceTree = "<group>"; };
		CFD79A8721F65B4E0043A26D /* BigFileViewText.mm */ = {isa = PBXFileReference; fileEncoding = 4; lastKnownFileType = sourcecode.cpp.objcpp; name = BigFileViewText.mm; path = source/BigFileViewText.mm; sourceTree = "<group>"; };
		CFD79A8821F65B4F0043A26D /* Theme.mm */ = {isa = PBXFileReference; fileEncoding = 4; lastKnownFileType = sourcecode.cpp.objcpp; name = Theme.mm; path = source/Theme.mm; sourceTree = "<group>"; };
		CFD79A8921F65B4F0043A26D /* BigFileView.mm */ = {isa = PBXFileReference; fileEncoding = 4; lastKnownFileType = sourcecode.cpp.objcpp; name = BigFileView.mm; path = source/BigFileView.mm; sourceTree = "<group>"; };
		CFD79A8A21F65B4F0043A26D /* BigFileViewHex.mm */ = {isa = PBXFileReference; fileEncoding = 4; lastKnownFileType = sourcecode.cpp.objcpp; name = BigFileViewHex.mm; path = source/BigFileViewHex.mm; sourceTree = "<group>"; };
		CFD79A8B21F65B4F0043A26D /* BigFileViewDataBackend.cpp */ = {isa = PBXFileReference; fileEncoding = 4; lastKnownFileType = sourcecode.cpp.cpp; name = BigFileViewDataBackend.cpp; path = source/BigFileViewDataBackend.cpp; sourceTree = "<group>"; };
		CFD79A9221F65B570043A26D /* BigFileViewProtocol.h */ = {isa = PBXFileReference; fileEncoding = 4; lastKnownFileType = sourcecode.c.h; name = BigFileViewProtocol.h; path = include/Viewer/BigFileViewProtocol.h; sourceTree = "<group>"; };
		CFD79A9321F65B570043A26D /* Theme.h */ = {isa = PBXFileReference; fileEncoding = 4; lastKnownFileType = sourcecode.c.h; name = Theme.h; path = include/Viewer/Theme.h; sourceTree = "<group>"; };
		CFD79A9421F65B570043A26D /* BigFileViewDataBackend.h */ = {isa = PBXFileReference; fileEncoding = 4; lastKnownFileType = sourcecode.c.h; name = BigFileViewDataBackend.h; path = include/Viewer/BigFileViewDataBackend.h; sourceTree = "<group>"; };
		CFD79A9521F65B570043A26D /* InternalViewerViewPreviewMode.h */ = {isa = PBXFileReference; fileEncoding = 4; lastKnownFileType = sourcecode.c.h; name = InternalViewerViewPreviewMode.h; path = include/Viewer/InternalViewerViewPreviewMode.h; sourceTree = "<group>"; };
		CFD79A9621F65B570043A26D /* BigFileViewText.h */ = {isa = PBXFileReference; fileEncoding = 4; lastKnownFileType = sourcecode.c.h; name = BigFileViewText.h; path = include/Viewer/BigFileViewText.h; sourceTree = "<group>"; };
		CFD79A9721F65B570043A26D /* BigFileView.h */ = {isa = PBXFileReference; fileEncoding = 4; lastKnownFileType = sourcecode.c.h; name = BigFileView.h; path = include/Viewer/BigFileView.h; sourceTree = "<group>"; };
		CFD79A9821F65B570043A26D /* BigFileViewHex.h */ = {isa = PBXFileReference; fileEncoding = 4; lastKnownFileType = sourcecode.c.h; name = BigFileViewHex.h; path = include/Viewer/BigFileViewHex.h; sourceTree = "<group>"; };
		CFD79AA121F65BA10043A26D /* Cocoa.framework */ = {isa = PBXFileReference; lastKnownFileType = wrapper.framework; name = Cocoa.framework; path = System/Library/Frameworks/Cocoa.framework; sourceTree = SDKROOT; };
		CFD79AA321F65BA60043A26D /* CoreFoundation.framework */ = {isa = PBXFileReference; lastKnownFileType = wrapper.framework; name = CoreFoundation.framework; path = System/Library/Frameworks/CoreFoundation.framework; sourceTree = SDKROOT; };
		CFD79AA521F65BAA0043A26D /* CoreText.framework */ = {isa = PBXFileReference; lastKnownFileType = wrapper.framework; name = CoreText.framework; path = System/Library/Frameworks/CoreText.framework; sourceTree = SDKROOT; };
		CFD79AA721F65BB20043A26D /* Quartz.framework */ = {isa = PBXFileReference; lastKnownFileType = wrapper.framework; name = Quartz.framework; path = System/Library/Frameworks/Quartz.framework; sourceTree = SDKROOT; };
		CFD79AA921F65BB70043A26D /* libUtility.dylib */ = {isa = PBXFileReference; explicitFileType = "compiled.mach-o.dylib"; path = libUtility.dylib; sourceTree = BUILT_PRODUCTS_DIR; };
		CFD79AAB21F65BBC0043A26D /* libConfig.dylib */ = {isa = PBXFileReference; explicitFileType = "compiled.mach-o.dylib"; path = libConfig.dylib; sourceTree = BUILT_PRODUCTS_DIR; };
		CFD79AAD21F65BC20043A26D /* libVFS.dylib */ = {isa = PBXFileReference; explicitFileType = "compiled.mach-o.dylib"; path = libVFS.dylib; sourceTree = BUILT_PRODUCTS_DIR; };
		CFD79AAF21F65BC60043A26D /* libHabanero.dylib */ = {isa = PBXFileReference; explicitFileType = "compiled.mach-o.dylib"; path = libHabanero.dylib; sourceTree = BUILT_PRODUCTS_DIR; };
		CFD79AB321FCA4E50043A26D /* History.h */ = {isa = PBXFileReference; fileEncoding = 4; lastKnownFileType = sourcecode.c.h; name = History.h; path = include/Viewer/History.h; sourceTree = "<group>"; };
		CFD79AB521FCA4F30043A26D /* History.cpp */ = {isa = PBXFileReference; fileEncoding = 4; lastKnownFileType = sourcecode.cpp.cpp; name = History.cpp; path = source/History.cpp; sourceTree = "<group>"; };
		CFD79AB721FCA8900043A26D /* Modes.h */ = {isa = PBXFileReference; fileEncoding = 4; lastKnownFileType = sourcecode.c.h; name = Modes.h; path = include/Viewer/Modes.h; sourceTree = "<group>"; };
		CFD79B0221FE4CC40043A26D /* InternalViewerController.h */ = {isa = PBXFileReference; fileEncoding = 4; lastKnownFileType = sourcecode.c.h; name = InternalViewerController.h; path = include/Viewer/InternalViewerController.h; sourceTree = "<group>"; };
		CFD79B0421FE4CCC0043A26D /* InternalViewerController.mm */ = {isa = PBXFileReference; fileEncoding = 4; lastKnownFileType = sourcecode.cpp.objcpp; name = InternalViewerController.mm; path = source/InternalViewerController.mm; sourceTree = "<group>"; };
		CFD79B0621FE4D400043A26D /* CUI.framework */ = {isa = PBXFileReference; explicitFileType = wrapper.framework; path = CUI.framework; sourceTree = BUILT_PRODUCTS_DIR; };
		CFD79B0921FE4F430043A26D /* Base */ = {isa = PBXFileReference; lastKnownFileType = file.xib; name = Base; path = resources/Base.lproj/InternalViewerController.xib; sourceTree = "<group>"; };
		CFD79B0E21FE4F560043A26D /* ru */ = {isa = PBXFileReference; lastKnownFileType = text.plist.strings; name = ru; path = resources/ru.lproj/InternalViewerController.strings; sourceTree = "<group>"; };
		CFD79B0F2205B82F0043A26D /* BigFileViewSheet.h */ = {isa = PBXFileReference; fileEncoding = 4; lastKnownFileType = sourcecode.c.h; name = BigFileViewSheet.h; path = include/Viewer/BigFileViewSheet.h; sourceTree = "<group>"; };
		CFD79B112205B8360043A26D /* BigFileViewSheet.mm */ = {isa = PBXFileReference; fileEncoding = 4; lastKnownFileType = sourcecode.cpp.objcpp; name = BigFileViewSheet.mm; path = source/BigFileViewSheet.mm; sourceTree = "<group>"; };
		CFD79B142205B8450043A26D /* Base */ = {isa = PBXFileReference; lastKnownFileType = file.xib; name = Base; path = resources/Base.lproj/BigFileViewSheet.xib; sourceTree = "<group>"; };
		CFD79B162205B84E0043A26D /* ru */ = {isa = PBXFileReference; lastKnownFileType = text.plist.strings; name = ru; path = resources/ru.lproj/BigFileViewSheet.strings; sourceTree = "<group>"; };
		CFD79B172205DE3D0043A26D /* InternalViewerToolbarProtocol.h */ = {isa = PBXFileReference; fileEncoding = 4; lastKnownFileType = sourcecode.c.h; name = InternalViewerToolbarProtocol.h; path = include/Viewer/InternalViewerToolbarProtocol.h; sourceTree = "<group>"; };
		CFD79B192205DE480043A26D /* InternalViewerToolbarProtocol.mm */ = {isa = PBXFileReference; fileEncoding = 4; lastKnownFileType = sourcecode.cpp.objcpp; name = InternalViewerToolbarProtocol.mm; path = source/InternalViewerToolbarProtocol.mm; sourceTree = "<group>"; };
		CFD79B1C2205DE520043A26D /* Base */ = {isa = PBXFileReference; lastKnownFileType = file.xib; name = Base; path = resources/Base.lproj/InternalViewerToolbar.xib; sourceTree = "<group>"; };
		CFD79B1E2205DE610043A26D /* ru */ = {isa = PBXFileReference; lastKnownFileType = text.plist.strings; name = ru; path = resources/ru.lproj/InternalViewerToolbar.strings; sourceTree = "<group>"; };
		CFD79B1F2205DE9C0043A26D /* InternalViewerWindowController.h */ = {isa = PBXFileReference; fileEncoding = 4; lastKnownFileType = sourcecode.c.h; name = InternalViewerWindowController.h; path = include/Viewer/InternalViewerWindowController.h; sourceTree = "<group>"; };
		CFD79B212205DEA40043A26D /* InternalViewerWindowController.mm */ = {isa = PBXFileReference; fileEncoding = 4; lastKnownFileType = sourcecode.cpp.objcpp; name = InternalViewerWindowController.mm; path = source/InternalViewerWindowController.mm; sourceTree = "<group>"; };
		CFD79B232205DEB30043A26D /* InternalViewerWindowController.xib */ = {isa = PBXFileReference; fileEncoding = 4; lastKnownFileType = file.xib; name = InternalViewerWindowController.xib; path = resources/InternalViewerWindowController.xib; sourceTree = "<group>"; };
		CFD79B3D221045210043A26D /* TextProcessing.h */ = {isa = PBXFileReference; fileEncoding = 4; lastKnownFileType = sourcecode.c.h; name = TextProcessing.h; path = include/Viewer/TextProcessing.h; sourceTree = "<group>"; };
		CFD79B3F2210452C0043A26D /* TextProcessing.cpp */ = {isa = PBXFileReference; fileEncoding = 4; lastKnownFileType = sourcecode.cpp.cpp; name = TextProcessing.cpp; path = source/TextProcessing.cpp; sourceTree = "<group>"; };
		CFD79B5022106E010043A26D /* ViewerUT */ = {isa = PBXFileReference; explicitFileType = "compiled.mach-o.executable"; includeInIndex = 0; path = ViewerUT; sourceTree = BUILT_PRODUCTS_DIR; };
		CFD79B5722106E3B0043A26D /* Tests.h */ = {isa = PBXFileReference; fileEncoding = 4; lastKnownFileType = sourcecode.c.h; name = Tests.h; path = tests/Tests.h; sourceTree = "<group>"; };
		CFD79B5822106E3C0043A26D /* Tests.cpp */ = {isa = PBXFileReference; fileEncoding = 4; lastKnownFileType = sourcecode.cpp.cpp; name = Tests.cpp; path = tests/Tests.cpp; sourceTree = "<group>"; };
		CFD79B6822106F000043A26D /* TestProcessingTests.cpp */ = {isa = PBXFileReference; fileEncoding = 4; lastKnownFileType = sourcecode.cpp.cpp; name = TestProcessingTests.cpp; path = tests/TestProcessingTests.cpp; sourceTree = "<group>"; };
		CFD79B6C221097A40043A26D /* IndexedTextLine.h */ = {isa = PBXFileReference; fileEncoding = 4; lastKnownFileType = sourcecode.c.h; name = IndexedTextLine.h; path = include/Viewer/IndexedTextLine.h; sourceTree = "<group>"; };
		CFD79B6E221097B30043A26D /* IndexedTextLine.cpp */ = {isa = PBXFileReference; fileEncoding = 4; lastKnownFileType = sourcecode.cpp.cpp; name = IndexedTextLine.cpp; path = source/IndexedTextLine.cpp; sourceTree = "<group>"; };
		CFD79B702210B6DB0043A26D /* TextModeWorkingSet.cpp */ = {isa = PBXFileReference; fileEncoding = 4; lastKnownFileType = sourcecode.cpp.cpp; name = TextModeWorkingSet.cpp; path = source/TextModeWorkingSet.cpp; sourceTree = "<group>"; };
		CFD79B802214C46C0043A26D /* TextModeWorkingSet.h */ = {isa = PBXFileReference; fileEncoding = 4; lastKnownFileType = sourcecode.c.h; name = TextModeWorkingSet.h; path = include/Viewer/TextModeWorkingSet.h; sourceTree = "<group>"; };
		CFD79B8222198DA80043A26D /* TestModeWorkingSet_UT.cpp */ = {isa = PBXFileReference; fileEncoding = 4; lastKnownFileType = sourcecode.cpp.cpp; name = TestModeWorkingSet_UT.cpp; path = tests/TestModeWorkingSet_UT.cpp; sourceTree = "<group>"; };
/* End PBXFileReference section */

/* Begin PBXFrameworksBuildPhase section */
		CFD79A5F21F65A010043A26D /* Frameworks */ = {
			isa = PBXFrameworksBuildPhase;
			buildActionMask = 2147483647;
			files = (
				CFD79B0721FE4D400043A26D /* CUI.framework in Frameworks */,
				CFD79AB021F65BC60043A26D /* libHabanero.dylib in Frameworks */,
				CFD79AAE21F65BC20043A26D /* libVFS.dylib in Frameworks */,
				CFD79AAC21F65BBC0043A26D /* libConfig.dylib in Frameworks */,
				CFD79AAA21F65BB70043A26D /* libUtility.dylib in Frameworks */,
				CFD79AA821F65BB20043A26D /* Quartz.framework in Frameworks */,
				CFD79AA621F65BAA0043A26D /* CoreText.framework in Frameworks */,
				CFD79AA421F65BA60043A26D /* CoreFoundation.framework in Frameworks */,
				CFD79AA221F65BA10043A26D /* Cocoa.framework in Frameworks */,
			);
			runOnlyForDeploymentPostprocessing = 0;
		};
		CFD79B4D22106E010043A26D /* Frameworks */ = {
			isa = PBXFrameworksBuildPhase;
			buildActionMask = 2147483647;
			files = (
				CFEA2D6F221CADC0008BE48C /* libHabanero.dylib in Frameworks */,
				CFD79B85221991130043A26D /* libUtility.dylib in Frameworks */,
				CFD79B6B221071180043A26D /* Viewer.framework in Frameworks */,
			);
			runOnlyForDeploymentPostprocessing = 0;
		};
/* End PBXFrameworksBuildPhase section */

/* Begin PBXGroup section */
		CFD79A5821F65A000043A26D = {
			isa = PBXGroup;
			children = (
				CFD79A7A21F65A8D0043A26D /* Config */,
				CFD79A8321F65AA60043A26D /* Headers */,
				CFD79A8421F65AB00043A26D /* Source */,
				CFD79A8521F65AB50043A26D /* Tests */,
				CFD79A7921F65A710043A26D /* Resources */,
				CFD79A6321F65A010043A26D /* Products */,
				CFD79AA021F65BA10043A26D /* Frameworks */,
			);
			sourceTree = "<group>";
		};
		CFD79A6321F65A010043A26D /* Products */ = {
			isa = PBXGroup;
			children = (
				CFD79A6221F65A010043A26D /* Viewer.framework */,
				CFD79B5022106E010043A26D /* ViewerUT */,
			);
			name = Products;
			sourceTree = "<group>";
		};
		CFD79A7921F65A710043A26D /* Resources */ = {
			isa = PBXGroup;
			children = (
				CFD79B132205B8450043A26D /* BigFileViewSheet.xib */,
				CFD79A6621F65A010043A26D /* Info.plist */,
				CFD79B0821FE4F430043A26D /* InternalViewerController.xib */,
				CFD79B1B2205DE520043A26D /* InternalViewerToolbar.xib */,
				CFD79B232205DEB30043A26D /* InternalViewerWindowController.xib */,
			);
			name = Resources;
			sourceTree = "<group>";
		};
		CFD79A7A21F65A8D0043A26D /* Config */ = {
			isa = PBXGroup;
			children = (
				CFD79A7D21F65A980043A26D /* debug.xcconfig */,
				CFD79A7B21F65A980043A26D /* default.xcconfig */,
				CFD79A7E21F65A980043A26D /* release.xcconfig */,
				CFD79A7C21F65A980043A26D /* tests.xcconfig */,
			);
			name = Config;
			sourceTree = "<group>";
		};
		CFD79A8321F65AA60043A26D /* Headers */ = {
			isa = PBXGroup;
			children = (
				CFD79A9721F65B570043A26D /* BigFileView.h */,
				CFD79A9421F65B570043A26D /* BigFileViewDataBackend.h */,
				CFD79A9821F65B570043A26D /* BigFileViewHex.h */,
				CFD79A9221F65B570043A26D /* BigFileViewProtocol.h */,
				CFD79B0F2205B82F0043A26D /* BigFileViewSheet.h */,
				CFD79A9621F65B570043A26D /* BigFileViewText.h */,
				CFD79AB321FCA4E50043A26D /* History.h */,
				CFD79B6C221097A40043A26D /* IndexedTextLine.h */,
				CFD79B0221FE4CC40043A26D /* InternalViewerController.h */,
				CFD79B172205DE3D0043A26D /* InternalViewerToolbarProtocol.h */,
				CFD79A9521F65B570043A26D /* InternalViewerViewPreviewMode.h */,
				CFD79B1F2205DE9C0043A26D /* InternalViewerWindowController.h */,
				CFD79AB721FCA8900043A26D /* Modes.h */,
				CF13255C2222B6DD0097F9A1 /* TextModeFrame.h */,
				CFD79B802214C46C0043A26D /* TextModeWorkingSet.h */,
				CFD79B3D221045210043A26D /* TextProcessing.h */,
				CFD79A9321F65B570043A26D /* Theme.h */,
			);
			name = Headers;
			sourceTree = "<group>";
		};
		CFD79A8421F65AB00043A26D /* Source */ = {
			isa = PBXGroup;
			children = (
				CFD79A8921F65B4F0043A26D /* BigFileView.mm */,
				CFD79A8B21F65B4F0043A26D /* BigFileViewDataBackend.cpp */,
				CFD79A8A21F65B4F0043A26D /* BigFileViewHex.mm */,
				CFD79B112205B8360043A26D /* BigFileViewSheet.mm */,
				CFD79A8721F65B4E0043A26D /* BigFileViewText.mm */,
				CFD79AB521FCA4F30043A26D /* History.cpp */,
				CFD79B6E221097B30043A26D /* IndexedTextLine.cpp */,
				CFD79B0421FE4CCC0043A26D /* InternalViewerController.mm */,
				CFD79B192205DE480043A26D /* InternalViewerToolbarProtocol.mm */,
				CFD79A8621F65B4E0043A26D /* InternalViewerViewPreviewMode.mm */,
				CFD79B212205DEA40043A26D /* InternalViewerWindowController.mm */,
				CF13255A2222B6D40097F9A1 /* TextModeFrame.cpp */,
				CFD79B702210B6DB0043A26D /* TextModeWorkingSet.cpp */,
				CFD79B3F2210452C0043A26D /* TextProcessing.cpp */,
				CFD79A8821F65B4F0043A26D /* Theme.mm */,
			);
			name = Source;
			sourceTree = "<group>";
		};
		CFD79A8521F65AB50043A26D /* Tests */ = {
			isa = PBXGroup;
			children = (
				CFD79B8222198DA80043A26D /* TestModeWorkingSet_UT.cpp */,
				CFD79B6822106F000043A26D /* TestProcessingTests.cpp */,
				CFD79B5822106E3C0043A26D /* Tests.cpp */,
				CFD79B5722106E3B0043A26D /* Tests.h */,
			);
			name = Tests;
			sourceTree = "<group>";
		};
		CFD79AA021F65BA10043A26D /* Frameworks */ = {
			isa = PBXGroup;
			children = (
				CFD79B0621FE4D400043A26D /* CUI.framework */,
				CFD79AAF21F65BC60043A26D /* libHabanero.dylib */,
				CFD79AAD21F65BC20043A26D /* libVFS.dylib */,
				CFD79AAB21F65BBC0043A26D /* libConfig.dylib */,
				CFD79AA921F65BB70043A26D /* libUtility.dylib */,
				CFD79AA721F65BB20043A26D /* Quartz.framework */,
				CFD79AA521F65BAA0043A26D /* CoreText.framework */,
				CFD79AA321F65BA60043A26D /* CoreFoundation.framework */,
				CFD79AA121F65BA10043A26D /* Cocoa.framework */,
			);
			name = Frameworks;
			sourceTree = "<group>";
		};
/* End PBXGroup section */

/* Begin PBXHeadersBuildPhase section */
		CFD79A5D21F65A010043A26D /* Headers */ = {
			isa = PBXHeadersBuildPhase;
			buildActionMask = 2147483647;
			files = (
				CFD79AB821FCA8900043A26D /* Modes.h in Headers */,
				CFD79A9B21F65B570043A26D /* BigFileViewDataBackend.h in Headers */,
				CFD79AB421FCA4E50043A26D /* History.h in Headers */,
				CFD79B5922106E3C0043A26D /* Tests.h in Headers */,
				CFD79A9D21F65B570043A26D /* BigFileViewText.h in Headers */,
				CFD79B6D221097A40043A26D /* IndexedTextLine.h in Headers */,
				CFD79A9E21F65B570043A26D /* BigFileView.h in Headers */,
				CFD79B202205DE9D0043A26D /* InternalViewerWindowController.h in Headers */,
				CFD79B3E221045210043A26D /* TextProcessing.h in Headers */,
				CFD79B182205DE3E0043A26D /* InternalViewerToolbarProtocol.h in Headers */,
				CF13255D2222B6DD0097F9A1 /* TextModeFrame.h in Headers */,
				CFD79B0321FE4CC40043A26D /* InternalViewerController.h in Headers */,
				CFD79A9A21F65B570043A26D /* Theme.h in Headers */,
				CFD79A9C21F65B570043A26D /* InternalViewerViewPreviewMode.h in Headers */,
				CFD79B102205B82F0043A26D /* BigFileViewSheet.h in Headers */,
				CFD79A9F21F65B570043A26D /* BigFileViewHex.h in Headers */,
				CFD79A9921F65B570043A26D /* BigFileViewProtocol.h in Headers */,
				CFD79B812214C46C0043A26D /* TextModeWorkingSet.h in Headers */,
			);
			runOnlyForDeploymentPostprocessing = 0;
		};
/* End PBXHeadersBuildPhase section */

/* Begin PBXNativeTarget section */
		CFD79A6121F65A010043A26D /* Viewer */ = {
			isa = PBXNativeTarget;
			buildConfigurationList = CFD79A6A21F65A010043A26D /* Build configuration list for PBXNativeTarget "Viewer" */;
			buildPhases = (
				CFD79A5D21F65A010043A26D /* Headers */,
				CFD79A5E21F65A010043A26D /* Sources */,
				CFD79A5F21F65A010043A26D /* Frameworks */,
				CFD79A6021F65A010043A26D /* Resources */,
			);
			buildRules = (
			);
			dependencies = (
			);
			name = Viewer;
			productName = Viewer;
			productReference = CFD79A6221F65A010043A26D /* Viewer.framework */;
			productType = "com.apple.product-type.framework";
		};
		CFD79B4F22106E010043A26D /* ViewerUT */ = {
			isa = PBXNativeTarget;
			buildConfigurationList = CFD79B5422106E020043A26D /* Build configuration list for PBXNativeTarget "ViewerUT" */;
			buildPhases = (
				CFD79B4C22106E010043A26D /* Sources */,
				CFD79B4D22106E010043A26D /* Frameworks */,
				CFD79B4E22106E010043A26D /* CopyFiles */,
			);
			buildRules = (
			);
			dependencies = (
			);
			name = ViewerUT;
			productName = ViewerUT;
			productReference = CFD79B5022106E010043A26D /* ViewerUT */;
			productType = "com.apple.product-type.tool";
		};
/* End PBXNativeTarget section */

/* Begin PBXProject section */
		CFD79A5921F65A000043A26D /* Project object */ = {
			isa = PBXProject;
			attributes = {
				LastUpgradeCheck = 1010;
				ORGANIZATIONNAME = "Michael G. Kazakov";
				TargetAttributes = {
					CFD79A6121F65A010043A26D = {
						CreatedOnToolsVersion = 10.1;
					};
					CFD79B4F22106E010043A26D = {
						CreatedOnToolsVersion = 10.1;
					};
				};
			};
			buildConfigurationList = CFD79A5C21F65A000043A26D /* Build configuration list for PBXProject "Viewer" */;
			compatibilityVersion = "Xcode 9.3";
			developmentRegion = en;
			hasScannedForEncodings = 0;
			knownRegions = (
				en,
				Base,
				ru,
			);
			mainGroup = CFD79A5821F65A000043A26D;
			productRefGroup = CFD79A6321F65A010043A26D /* Products */;
			projectDirPath = "";
			projectRoot = "";
			targets = (
				CFD79A6121F65A010043A26D /* Viewer */,
				CFD79B4F22106E010043A26D /* ViewerUT */,
			);
		};
/* End PBXProject section */

/* Begin PBXResourcesBuildPhase section */
		CFD79A6021F65A010043A26D /* Resources */ = {
			isa = PBXResourcesBuildPhase;
			buildActionMask = 2147483647;
			files = (
				CFD79A8221F65A980043A26D /* release.xcconfig in Resources */,
				CFD79B1D2205DE520043A26D /* InternalViewerToolbar.xib in Resources */,
				CFD79B152205B8450043A26D /* BigFileViewSheet.xib in Resources */,
				CFD79B0A21FE4F430043A26D /* InternalViewerController.xib in Resources */,
				CFD79A8021F65A980043A26D /* tests.xcconfig in Resources */,
				CFD79A8121F65A980043A26D /* debug.xcconfig in Resources */,
				CFD79B242205DEB30043A26D /* InternalViewerWindowController.xib in Resources */,
				CFD79A7F21F65A980043A26D /* default.xcconfig in Resources */,
			);
			runOnlyForDeploymentPostprocessing = 0;
		};
/* End PBXResourcesBuildPhase section */

/* Begin PBXSourcesBuildPhase section */
		CFD79A5E21F65A010043A26D /* Sources */ = {
			isa = PBXSourcesBuildPhase;
			buildActionMask = 2147483647;
			files = (
				CFD79A8E21F65B4F0043A26D /* Theme.mm in Sources */,
				CFD79A8D21F65B4F0043A26D /* BigFileViewText.mm in Sources */,
				CFD79B722210B6DB0043A26D /* TextModeWorkingSet.cpp in Sources */,
				CFD79B1A2205DE480043A26D /* InternalViewerToolbarProtocol.mm in Sources */,
				CF13255B2222B6D40097F9A1 /* TextModeFrame.cpp in Sources */,
				CFD79AB621FCA4F30043A26D /* History.cpp in Sources */,
				CFD79A8C21F65B4F0043A26D /* InternalViewerViewPreviewMode.mm in Sources */,
				CFD79B6F221097B30043A26D /* IndexedTextLine.cpp in Sources */,
				CFD79B402210452C0043A26D /* TextProcessing.cpp in Sources */,
				CFD79A8F21F65B4F0043A26D /* BigFileView.mm in Sources */,
				CFD79A9121F65B4F0043A26D /* BigFileViewDataBackend.cpp in Sources */,
				CFD79B0521FE4CCC0043A26D /* InternalViewerController.mm in Sources */,
				CFD79B222205DEA50043A26D /* InternalViewerWindowController.mm in Sources */,
				CFD79A9021F65B4F0043A26D /* BigFileViewHex.mm in Sources */,
				CFD79B122205B8360043A26D /* BigFileViewSheet.mm in Sources */,
			);
			runOnlyForDeploymentPostprocessing = 0;
		};
		CFD79B4C22106E010043A26D /* Sources */ = {
			isa = PBXSourcesBuildPhase;
			buildActionMask = 2147483647;
			files = (
				CFD79B6A22106F080043A26D /* TestProcessingTests.cpp in Sources */,
				CFD79B5B22106E5F0043A26D /* Tests.cpp in Sources */,
				CFD79B8422198DB50043A26D /* TestModeWorkingSet_UT.cpp in Sources */,
			);
			runOnlyForDeploymentPostprocessing = 0;
		};
/* End PBXSourcesBuildPhase section */

/* Begin PBXVariantGroup section */
		CFD79B0821FE4F430043A26D /* InternalViewerController.xib */ = {
			isa = PBXVariantGroup;
			children = (
				CFD79B0921FE4F430043A26D /* Base */,
				CFD79B0E21FE4F560043A26D /* ru */,
			);
			name = InternalViewerController.xib;
			sourceTree = "<group>";
		};
		CFD79B132205B8450043A26D /* BigFileViewSheet.xib */ = {
			isa = PBXVariantGroup;
			children = (
				CFD79B142205B8450043A26D /* Base */,
				CFD79B162205B84E0043A26D /* ru */,
			);
			name = BigFileViewSheet.xib;
			sourceTree = "<group>";
		};
		CFD79B1B2205DE520043A26D /* InternalViewerToolbar.xib */ = {
			isa = PBXVariantGroup;
			children = (
				CFD79B1C2205DE520043A26D /* Base */,
				CFD79B1E2205DE610043A26D /* ru */,
			);
			name = InternalViewerToolbar.xib;
			sourceTree = "<group>";
		};
/* End PBXVariantGroup section */

/* Begin XCBuildConfiguration section */
		CFD79A6821F65A010043A26D /* Debug */ = {
			isa = XCBuildConfiguration;
			baseConfigurationReference = CFD79A7B21F65A980043A26D /* default.xcconfig */;
			buildSettings = {
				GCC_C_LANGUAGE_STANDARD = gnu11;
			};
			name = Debug;
		};
		CFD79A6921F65A010043A26D /* Release */ = {
			isa = XCBuildConfiguration;
			baseConfigurationReference = CFD79A7B21F65A980043A26D /* default.xcconfig */;
			buildSettings = {
				GCC_C_LANGUAGE_STANDARD = gnu11;
			};
			name = Release;
		};
		CFD79A6B21F65A010043A26D /* Debug */ = {
			isa = XCBuildConfiguration;
			baseConfigurationReference = CFD79A7D21F65A980043A26D /* debug.xcconfig */;
			buildSettings = {
				CODE_SIGN_IDENTITY = "";
				CODE_SIGN_STYLE = Manual;
				COMBINE_HIDPI_IMAGES = YES;
				DEFINES_MODULE = YES;
				DEVELOPMENT_TEAM = "";
				DYLIB_COMPATIBILITY_VERSION = 1;
				DYLIB_CURRENT_VERSION = 1;
				DYLIB_INSTALL_NAME_BASE = "@rpath";
				FRAMEWORK_VERSION = A;
				INFOPLIST_FILE = "$(SRCROOT)/resources/Info.plist";
				INSTALL_PATH = "$(LOCAL_LIBRARY_DIR)/Frameworks";
				LD_RUNPATH_SEARCH_PATHS = (
					"$(inherited)",
					"@executable_path/../Frameworks",
					"@loader_path/Frameworks",
				);
				PRODUCT_BUNDLE_IDENTIFIER = com.magnumbytes.NimbleCommander.Viewer;
				PRODUCT_NAME = "$(TARGET_NAME:c99extidentifier)";
				PROVISIONING_PROFILE_SPECIFIER = "";
				SKIP_INSTALL = YES;
			};
			name = Debug;
		};
		CFD79A6C21F65A010043A26D /* Release */ = {
			isa = XCBuildConfiguration;
			baseConfigurationReference = CFD79A7E21F65A980043A26D /* release.xcconfig */;
			buildSettings = {
				CODE_SIGN_IDENTITY = "";
				CODE_SIGN_STYLE = Manual;
				COMBINE_HIDPI_IMAGES = YES;
				DEFINES_MODULE = YES;
				DEVELOPMENT_TEAM = "";
				DYLIB_COMPATIBILITY_VERSION = 1;
				DYLIB_CURRENT_VERSION = 1;
				DYLIB_INSTALL_NAME_BASE = "@rpath";
				FRAMEWORK_VERSION = A;
				INFOPLIST_FILE = "$(SRCROOT)/resources/Info.plist";
				INSTALL_PATH = "$(LOCAL_LIBRARY_DIR)/Frameworks";
				LD_RUNPATH_SEARCH_PATHS = (
					"$(inherited)",
					"@executable_path/../Frameworks",
					"@loader_path/Frameworks",
				);
				PRODUCT_BUNDLE_IDENTIFIER = com.magnumbytes.NimbleCommander.Viewer;
				PRODUCT_NAME = "$(TARGET_NAME:c99extidentifier)";
				PROVISIONING_PROFILE_SPECIFIER = "";
				SKIP_INSTALL = YES;
			};
			name = Release;
		};
		CFD79B5522106E020043A26D /* Debug */ = {
			isa = XCBuildConfiguration;
			baseConfigurationReference = CFD79A7C21F65A980043A26D /* tests.xcconfig */;
			buildSettings = {
				ALWAYS_SEARCH_USER_PATHS = NO;
				CLANG_ANALYZER_NONNULL = YES;
				CLANG_ANALYZER_NUMBER_OBJECT_CONVERSION = YES_AGGRESSIVE;
				CLANG_CXX_LANGUAGE_STANDARD = "gnu++14";
				CLANG_CXX_LIBRARY = "libc++";
				CLANG_ENABLE_MODULES = YES;
				CLANG_ENABLE_OBJC_ARC = YES;
				CLANG_ENABLE_OBJC_WEAK = YES;
				CLANG_WARN_BLOCK_CAPTURE_AUTORELEASING = YES;
				CLANG_WARN_BOOL_CONVERSION = YES;
				CLANG_WARN_COMMA = YES;
				CLANG_WARN_CONSTANT_CONVERSION = YES;
				CLANG_WARN_DEPRECATED_OBJC_IMPLEMENTATIONS = YES;
				CLANG_WARN_DIRECT_OBJC_ISA_USAGE = YES_ERROR;
				CLANG_WARN_DOCUMENTATION_COMMENTS = YES;
				CLANG_WARN_EMPTY_BODY = YES;
				CLANG_WARN_ENUM_CONVERSION = YES;
				CLANG_WARN_INFINITE_RECURSION = YES;
				CLANG_WARN_INT_CONVERSION = YES;
				CLANG_WARN_NON_LITERAL_NULL_CONVERSION = YES;
				CLANG_WARN_OBJC_IMPLICIT_RETAIN_SELF = YES;
				CLANG_WARN_OBJC_LITERAL_CONVERSION = YES;
				CLANG_WARN_OBJC_ROOT_CLASS = YES_ERROR;
				CLANG_WARN_RANGE_LOOP_ANALYSIS = YES;
				CLANG_WARN_STRICT_PROTOTYPES = YES;
				CLANG_WARN_SUSPICIOUS_MOVE = YES;
				CLANG_WARN_UNGUARDED_AVAILABILITY = YES_AGGRESSIVE;
				CLANG_WARN_UNREACHABLE_CODE = YES;
				CLANG_WARN__DUPLICATE_METHOD_MATCH = YES;
				CODE_SIGN_IDENTITY = "-";
				CODE_SIGN_STYLE = Automatic;
				COPY_PHASE_STRIP = NO;
				DEBUG_INFORMATION_FORMAT = dwarf;
				ENABLE_STRICT_OBJC_MSGSEND = YES;
				ENABLE_TESTABILITY = YES;
				GCC_DYNAMIC_NO_PIC = NO;
				GCC_NO_COMMON_BLOCKS = YES;
				GCC_OPTIMIZATION_LEVEL = 0;
				GCC_PREPROCESSOR_DEFINITIONS = (
					"DEBUG=1",
					"$(inherited)",
				);
				GCC_WARN_64_TO_32_BIT_CONVERSION = YES;
				GCC_WARN_ABOUT_RETURN_TYPE = YES_ERROR;
				GCC_WARN_UNDECLARED_SELECTOR = YES;
				GCC_WARN_UNINITIALIZED_AUTOS = YES_AGGRESSIVE;
				GCC_WARN_UNUSED_FUNCTION = YES;
				GCC_WARN_UNUSED_VARIABLE = YES;
				MACOSX_DEPLOYMENT_TARGET = 10.14;
				MTL_ENABLE_DEBUG_INFO = INCLUDE_SOURCE;
				MTL_FAST_MATH = YES;
				ONLY_ACTIVE_ARCH = YES;
				PRODUCT_NAME = "$(TARGET_NAME)";
				SDKROOT = macosx;
			};
			name = Debug;
		};
		CFD79B5622106E020043A26D /* Release */ = {
			isa = XCBuildConfiguration;
			baseConfigurationReference = CFD79A7C21F65A980043A26D /* tests.xcconfig */;
			buildSettings = {
				ALWAYS_SEARCH_USER_PATHS = NO;
				CLANG_ANALYZER_NONNULL = YES;
				CLANG_ANALYZER_NUMBER_OBJECT_CONVERSION = YES_AGGRESSIVE;
				CLANG_CXX_LANGUAGE_STANDARD = "gnu++14";
				CLANG_CXX_LIBRARY = "libc++";
				CLANG_ENABLE_MODULES = YES;
				CLANG_ENABLE_OBJC_ARC = YES;
				CLANG_ENABLE_OBJC_WEAK = YES;
				CLANG_WARN_BLOCK_CAPTURE_AUTORELEASING = YES;
				CLANG_WARN_BOOL_CONVERSION = YES;
				CLANG_WARN_COMMA = YES;
				CLANG_WARN_CONSTANT_CONVERSION = YES;
				CLANG_WARN_DEPRECATED_OBJC_IMPLEMENTATIONS = YES;
				CLANG_WARN_DIRECT_OBJC_ISA_USAGE = YES_ERROR;
				CLANG_WARN_DOCUMENTATION_COMMENTS = YES;
				CLANG_WARN_EMPTY_BODY = YES;
				CLANG_WARN_ENUM_CONVERSION = YES;
				CLANG_WARN_INFINITE_RECURSION = YES;
				CLANG_WARN_INT_CONVERSION = YES;
				CLANG_WARN_NON_LITERAL_NULL_CONVERSION = YES;
				CLANG_WARN_OBJC_IMPLICIT_RETAIN_SELF = YES;
				CLANG_WARN_OBJC_LITERAL_CONVERSION = YES;
				CLANG_WARN_OBJC_ROOT_CLASS = YES_ERROR;
				CLANG_WARN_RANGE_LOOP_ANALYSIS = YES;
				CLANG_WARN_STRICT_PROTOTYPES = YES;
				CLANG_WARN_SUSPICIOUS_MOVE = YES;
				CLANG_WARN_UNGUARDED_AVAILABILITY = YES_AGGRESSIVE;
				CLANG_WARN_UNREACHABLE_CODE = YES;
				CLANG_WARN__DUPLICATE_METHOD_MATCH = YES;
				CODE_SIGN_IDENTITY = "-";
				CODE_SIGN_STYLE = Automatic;
				COPY_PHASE_STRIP = NO;
				DEBUG_INFORMATION_FORMAT = "dwarf-with-dsym";
				ENABLE_NS_ASSERTIONS = NO;
				ENABLE_STRICT_OBJC_MSGSEND = YES;
				GCC_NO_COMMON_BLOCKS = YES;
				GCC_WARN_64_TO_32_BIT_CONVERSION = YES;
				GCC_WARN_ABOUT_RETURN_TYPE = YES_ERROR;
				GCC_WARN_UNDECLARED_SELECTOR = YES;
				GCC_WARN_UNINITIALIZED_AUTOS = YES_AGGRESSIVE;
				GCC_WARN_UNUSED_FUNCTION = YES;
				GCC_WARN_UNUSED_VARIABLE = YES;
				MACOSX_DEPLOYMENT_TARGET = 10.14;
				MTL_ENABLE_DEBUG_INFO = NO;
				MTL_FAST_MATH = YES;
				PRODUCT_NAME = "$(TARGET_NAME)";
				SDKROOT = macosx;
			};
			name = Release;
		};
/* End XCBuildConfiguration section */

/* Begin XCConfigurationList section */
		CFD79A5C21F65A000043A26D /* Build configuration list for PBXProject "Viewer" */ = {
			isa = XCConfigurationList;
			buildConfigurations = (
				CFD79A6821F65A010043A26D /* Debug */,
				CFD79A6921F65A010043A26D /* Release */,
			);
			defaultConfigurationIsVisible = 0;
			defaultConfigurationName = Release;
		};
		CFD79A6A21F65A010043A26D /* Build configuration list for PBXNativeTarget "Viewer" */ = {
			isa = XCConfigurationList;
			buildConfigurations = (
				CFD79A6B21F65A010043A26D /* Debug */,
				CFD79A6C21F65A010043A26D /* Release */,
			);
			defaultConfigurationIsVisible = 0;
			defaultConfigurationName = Release;
		};
		CFD79B5422106E020043A26D /* Build configuration list for PBXNativeTarget "ViewerUT" */ = {
			isa = XCConfigurationList;
			buildConfigurations = (
				CFD79B5522106E020043A26D /* Debug */,
				CFD79B5622106E020043A26D /* Release */,
			);
			defaultConfigurationIsVisible = 0;
			defaultConfigurationName = Release;
		};
/* End XCConfigurationList section */
	};
	rootObject = CFD79A5921F65A000043A26D /* Project object */;
}
