// !$*UTF8*$!
{
	archiveVersion = 1;
	classes = {
	};
	objectVersion = 60;
	objects = {

/* Begin PBXBuildFile section */
		CF0A49DA251668E8008EC7B0 /* InputTranslator_UT.mm in Sources */ = {isa = PBXBuildFile; fileRef = CF0A49CC2516676A008EC7B0 /* InputTranslator_UT.mm */; };
		CF0A49E7251F1A42008EC7B0 /* ShellTask_IT.cpp in Sources */ = {isa = PBXBuildFile; fileRef = CF0A49E6251F1A42008EC7B0 /* ShellTask_IT.cpp */; };
		CF0A49E8251F1A51008EC7B0 /* Tests.cpp in Sources */ = {isa = PBXBuildFile; fileRef = CFE08B3C23DCFC15007E99B8 /* Tests.cpp */; };
		CF4600D725605B830095FC73 /* InputTranslator.cpp in Sources */ = {isa = PBXBuildFile; fileRef = CFC4F4C524CA396600DF4ED6 /* InputTranslator.cpp */; };
		CF4600D825605B830095FC73 /* InputTranslatorImpl.mm in Sources */ = {isa = PBXBuildFile; fileRef = CFC4F4CB24CA3D2000DF4ED6 /* InputTranslatorImpl.mm */; };
		CF4600D925605B830095FC73 /* Log.cpp in Sources */ = {isa = PBXBuildFile; fileRef = CF19B4962547611F00838B45 /* Log.cpp */; };
		CF4600DA25605B830095FC73 /* FlippableHolder.mm in Sources */ = {isa = PBXBuildFile; fileRef = CF5099701F948400000AFDE7 /* FlippableHolder.mm */; };
		CF4600DB25605B830095FC73 /* Parser.cpp in Sources */ = {isa = PBXBuildFile; fileRef = CFE08B2C23DCEB04007E99B8 /* Parser.cpp */; };
		CF4600DC25605B830095FC73 /* ScrollView.mm in Sources */ = {isa = PBXBuildFile; fileRef = CF50996D1F948018000AFDE7 /* ScrollView.mm */; };
		CF4600DD25605B830095FC73 /* ShellTask.cpp in Sources */ = {isa = PBXBuildFile; fileRef = CF4135111F846CF2007429B6 /* ShellTask.cpp */; };
		CF4600DE25605B830095FC73 /* InterpreterImpl.cpp in Sources */ = {isa = PBXBuildFile; fileRef = CF5F392E242F7FB2004DF1F8 /* InterpreterImpl.cpp */; };
		CF4600DF25605B830095FC73 /* ScreenBuffer.cpp in Sources */ = {isa = PBXBuildFile; fileRef = CF1ADE2B1F7E6C4B003E9B76 /* ScreenBuffer.cpp */; };
		CF4600E025605B830095FC73 /* Interpreter.cpp in Sources */ = {isa = PBXBuildFile; fileRef = CF5F392C242F7D56004DF1F8 /* Interpreter.cpp */; };
		CF4600E125605B830095FC73 /* Task.cpp in Sources */ = {isa = PBXBuildFile; fileRef = CF4135131F846CF2007429B6 /* Task.cpp */; };
		CF4600E225605B830095FC73 /* ParserImpl.cpp in Sources */ = {isa = PBXBuildFile; fileRef = CFE08B2D23DCEB04007E99B8 /* ParserImpl.cpp */; };
		CF4600E325605B830095FC73 /* SingleTask.cpp in Sources */ = {isa = PBXBuildFile; fileRef = CF4135121F846CF2007429B6 /* SingleTask.cpp */; };
		CF4600E425605B830095FC73 /* OrthodoxMonospace.cpp in Sources */ = {isa = PBXBuildFile; fileRef = CF0A49B0250D576D008EC7B0 /* OrthodoxMonospace.cpp */; };
		CF4600E525605B830095FC73 /* TranslateMaps.cpp in Sources */ = {isa = PBXBuildFile; fileRef = CF1ADE461F7E77AE003E9B76 /* TranslateMaps.cpp */; };
		CF4600E625605B830095FC73 /* View.mm in Sources */ = {isa = PBXBuildFile; fileRef = CF4135241F891165007429B6 /* View.mm */; };
		CF4600E725605B830095FC73 /* Settings.mm in Sources */ = {isa = PBXBuildFile; fileRef = CF41351C1F8666BF007429B6 /* Settings.mm */; };
		CF4600E825605B830095FC73 /* Screen.cpp in Sources */ = {isa = PBXBuildFile; fileRef = CF1ADE391F7E7379003E9B76 /* Screen.cpp */; };
		CF4D0D3B2A9B8BA5006E4D5A /* ChildrenTracker_UT.cpp in Sources */ = {isa = PBXBuildFile; fileRef = CF4D0D3A2A9B8BA5006E4D5A /* ChildrenTracker_UT.cpp */; };
		CF5F3934242FCD2B004DF1F8 /* Term_IT.cpp in Sources */ = {isa = PBXBuildFile; fileRef = CF5F3932242FCD23004DF1F8 /* Term_IT.cpp */; };
		CF60DF2A2A9B733900478BA0 /* ChildrenTracker.cpp in Sources */ = {isa = PBXBuildFile; fileRef = CF60DF292A9B733900478BA0 /* ChildrenTracker.cpp */; };
		CF739C76295A14F7004758C5 /* Color.cpp in Sources */ = {isa = PBXBuildFile; fileRef = CF739C75295A14F7004758C5 /* Color.cpp */; };
		CF739C78295B2610004758C5 /* Color_UT.cpp in Sources */ = {isa = PBXBuildFile; fileRef = CF739C77295B2610004758C5 /* Color_UT.cpp */; };
		CF739CC32972059B004758C5 /* ExtendedCharRegistry.h in Headers */ = {isa = PBXBuildFile; fileRef = CF739CC22972059A004758C5 /* ExtendedCharRegistry.h */; };
		CF739CC5297205A1004758C5 /* ExtendedCharRegistry.mm in Sources */ = {isa = PBXBuildFile; fileRef = CF739CC4297205A1004758C5 /* ExtendedCharRegistry.mm */; };
		CF739CDE297C1704004758C5 /* ExtendedCharRegistry_UT.cpp in Sources */ = {isa = PBXBuildFile; fileRef = CF739CDC297C166E004758C5 /* ExtendedCharRegistry_UT.cpp */; };
		CF739CE0297F3EEE004758C5 /* CTCache.h in Headers */ = {isa = PBXBuildFile; fileRef = CF739CDF297F3EEE004758C5 /* CTCache.h */; };
		CF739CE2297F3EF5004758C5 /* CTCache.cpp in Sources */ = {isa = PBXBuildFile; fileRef = CF739CE1297F3EF5004758C5 /* CTCache.cpp */; };
		CF739CF029B383F9004758C5 /* ColorMap.mm in Sources */ = {isa = PBXBuildFile; fileRef = CF739CEF29B383F9004758C5 /* ColorMap.mm */; };
		CF739CF229B38401004758C5 /* ColorMap.h in Headers */ = {isa = PBXBuildFile; fileRef = CF739CF129B38401004758C5 /* ColorMap.h */; };
		CF83CF28243A21C8003AC820 /* Interpreter_UT.cpp in Sources */ = {isa = PBXBuildFile; fileRef = CF83CF27243A21C7003AC820 /* Interpreter_UT.cpp */; };
		CF9D696724A897B5008352B0 /* Screen_UT.cpp in Sources */ = {isa = PBXBuildFile; fileRef = CF9D696624A897B5008352B0 /* Screen_UT.cpp */; };
		CF9D697F24ADF06D008352B0 /* ScreenBuffer_UT.cpp in Sources */ = {isa = PBXBuildFile; fileRef = CF9D697E24ADF06D008352B0 /* ScreenBuffer_UT.cpp */; };
		CFE08B3D23DCFC15007E99B8 /* Tests.cpp in Sources */ = {isa = PBXBuildFile; fileRef = CFE08B3C23DCFC15007E99B8 /* Tests.cpp */; };
		CFE08B4023DCFCF9007E99B8 /* Parser2_UT.cpp in Sources */ = {isa = PBXBuildFile; fileRef = CFE08B3F23DCFCF9007E99B8 /* Parser2_UT.cpp */; };
/* End PBXBuildFile section */

/* Begin PBXContainerItemProxy section */
		CF2F10FC2567F89D00622405 /* PBXContainerItemProxy */ = {
			isa = PBXContainerItemProxy;
			containerPortal = CF1ADE021F7E6A2A003E9B76 /* Project object */;
			proxyType = 1;
			remoteGlobalIDString = CF4600CF25605B1F0095FC73;
			remoteInfo = Term;
		};
		CF2F10FE2567F8A000622405 /* PBXContainerItemProxy */ = {
			isa = PBXContainerItemProxy;
			containerPortal = CF1ADE021F7E6A2A003E9B76 /* Project object */;
			proxyType = 1;
			remoteGlobalIDString = CF4600CF25605B1F0095FC73;
			remoteInfo = Term;
		};
/* End PBXContainerItemProxy section */

/* Begin PBXCopyFilesBuildPhase section */
		CF0A49DD251F19DB008EC7B0 /* CopyFiles */ = {
			isa = PBXCopyFilesBuildPhase;
			buildActionMask = 2147483647;
			dstPath = /usr/share/man/man1/;
			dstSubfolderSpec = 0;
			files = (
			);
			runOnlyForDeploymentPostprocessing = 1;
		};
		CFE08B3223DCFBD1007E99B8 /* CopyFiles */ = {
			isa = PBXCopyFilesBuildPhase;
			buildActionMask = 2147483647;
			dstPath = /usr/share/man/man1/;
			dstSubfolderSpec = 0;
			files = (
			);
			runOnlyForDeploymentPostprocessing = 1;
		};
/* End PBXCopyFilesBuildPhase section */

/* Begin PBXFileReference section */
		CF0A49AE250D575C008EC7B0 /* OrthodoxMonospace.h */ = {isa = PBXFileReference; fileEncoding = 4; lastKnownFileType = sourcecode.c.h; name = OrthodoxMonospace.h; path = include/Term/OrthodoxMonospace.h; sourceTree = "<group>"; };
		CF0A49B0250D576D008EC7B0 /* OrthodoxMonospace.cpp */ = {isa = PBXFileReference; fileEncoding = 4; lastKnownFileType = sourcecode.cpp.cpp; path = OrthodoxMonospace.cpp; sourceTree = "<group>"; };
		CF0A49CC2516676A008EC7B0 /* InputTranslator_UT.mm */ = {isa = PBXFileReference; fileEncoding = 4; lastKnownFileType = sourcecode.cpp.objcpp; path = InputTranslator_UT.mm; sourceTree = "<group>"; };
		CF0A49DF251F19DB008EC7B0 /* TermIT */ = {isa = PBXFileReference; explicitFileType = "compiled.mach-o.executable"; includeInIndex = 0; path = TermIT; sourceTree = BUILT_PRODUCTS_DIR; };
		CF0A49E6251F1A42008EC7B0 /* ShellTask_IT.cpp */ = {isa = PBXFileReference; fileEncoding = 4; lastKnownFileType = sourcecode.cpp.cpp; path = ShellTask_IT.cpp; sourceTree = "<group>"; };
		CF19B4942547611000838B45 /* Log.h */ = {isa = PBXFileReference; fileEncoding = 4; lastKnownFileType = sourcecode.c.h; name = Log.h; path = include/Term/Log.h; sourceTree = "<group>"; };
		CF19B4962547611F00838B45 /* Log.cpp */ = {isa = PBXFileReference; fileEncoding = 4; lastKnownFileType = sourcecode.cpp.cpp; path = Log.cpp; sourceTree = "<group>"; };
		CF1ADE2B1F7E6C4B003E9B76 /* ScreenBuffer.cpp */ = {isa = PBXFileReference; fileEncoding = 4; lastKnownFileType = sourcecode.cpp.cpp; name = ScreenBuffer.cpp; path = source/ScreenBuffer.cpp; sourceTree = SOURCE_ROOT; };
		CF1ADE351F7E7344003E9B76 /* ScreenBuffer.h */ = {isa = PBXFileReference; fileEncoding = 4; lastKnownFileType = sourcecode.c.h; name = ScreenBuffer.h; path = include/Term/ScreenBuffer.h; sourceTree = "<group>"; };
		CF1ADE371F7E7370003E9B76 /* Screen.h */ = {isa = PBXFileReference; fileEncoding = 4; lastKnownFileType = sourcecode.c.h; name = Screen.h; path = include/Term/Screen.h; sourceTree = "<group>"; };
		CF1ADE391F7E7379003E9B76 /* Screen.cpp */ = {isa = PBXFileReference; fileEncoding = 4; lastKnownFileType = sourcecode.cpp.cpp; name = Screen.cpp; path = source/Screen.cpp; sourceTree = SOURCE_ROOT; };
		CF1ADE421F7E76BF003E9B76 /* Cocoa.framework */ = {isa = PBXFileReference; lastKnownFileType = wrapper.framework; name = Cocoa.framework; path = System/Library/Frameworks/Cocoa.framework; sourceTree = SDKROOT; };
		CF1ADE441F7E76C4003E9B76 /* Carbon.framework */ = {isa = PBXFileReference; lastKnownFileType = wrapper.framework; name = Carbon.framework; path = System/Library/Frameworks/Carbon.framework; sourceTree = SDKROOT; };
		CF1ADE461F7E77AE003E9B76 /* TranslateMaps.cpp */ = {isa = PBXFileReference; fileEncoding = 4; lastKnownFileType = sourcecode.cpp.cpp; name = TranslateMaps.cpp; path = source/TranslateMaps.cpp; sourceTree = SOURCE_ROOT; };
		CF1ADE471F7E77AE003E9B76 /* TranslateMaps.h */ = {isa = PBXFileReference; fileEncoding = 4; lastKnownFileType = sourcecode.c.h; name = TranslateMaps.h; path = source/TranslateMaps.h; sourceTree = SOURCE_ROOT; };
		CF41350A1F846CE6007429B6 /* ShellTask.h */ = {isa = PBXFileReference; fileEncoding = 4; lastKnownFileType = sourcecode.c.h; name = ShellTask.h; path = include/Term/ShellTask.h; sourceTree = "<group>"; };
		CF41350B1F846CE6007429B6 /* SingleTask.h */ = {isa = PBXFileReference; fileEncoding = 4; lastKnownFileType = sourcecode.c.h; name = SingleTask.h; path = include/Term/SingleTask.h; sourceTree = "<group>"; };
		CF41350C1F846CE6007429B6 /* Task.h */ = {isa = PBXFileReference; fileEncoding = 4; lastKnownFileType = sourcecode.c.h; name = Task.h; path = include/Term/Task.h; sourceTree = "<group>"; };
		CF4135111F846CF2007429B6 /* ShellTask.cpp */ = {isa = PBXFileReference; fileEncoding = 4; lastKnownFileType = sourcecode.cpp.cpp; name = ShellTask.cpp; path = source/ShellTask.cpp; sourceTree = SOURCE_ROOT; };
		CF4135121F846CF2007429B6 /* SingleTask.cpp */ = {isa = PBXFileReference; fileEncoding = 4; lastKnownFileType = sourcecode.cpp.cpp; name = SingleTask.cpp; path = source/SingleTask.cpp; sourceTree = SOURCE_ROOT; };
		CF4135131F846CF2007429B6 /* Task.cpp */ = {isa = PBXFileReference; fileEncoding = 4; lastKnownFileType = sourcecode.cpp.cpp; name = Task.cpp; path = source/Task.cpp; sourceTree = SOURCE_ROOT; };
		CF41351A1F8666B4007429B6 /* Settings.h */ = {isa = PBXFileReference; fileEncoding = 4; lastKnownFileType = sourcecode.c.h; name = Settings.h; path = include/Term/Settings.h; sourceTree = "<group>"; };
		CF41351C1F8666BF007429B6 /* Settings.mm */ = {isa = PBXFileReference; fileEncoding = 4; lastKnownFileType = sourcecode.cpp.objcpp; name = Settings.mm; path = source/Settings.mm; sourceTree = SOURCE_ROOT; };
		CF4135221F890BC8007429B6 /* CursorMode.h */ = {isa = PBXFileReference; fileEncoding = 4; lastKnownFileType = sourcecode.c.h; name = CursorMode.h; path = include/Term/CursorMode.h; sourceTree = "<group>"; };
		CF4135241F891165007429B6 /* View.mm */ = {isa = PBXFileReference; fileEncoding = 4; lastKnownFileType = sourcecode.cpp.objcpp; name = View.mm; path = source/View.mm; sourceTree = SOURCE_ROOT; };
		CF4135261F89116E007429B6 /* View.h */ = {isa = PBXFileReference; fileEncoding = 4; lastKnownFileType = sourcecode.c.h; name = View.h; path = include/Term/View.h; sourceTree = "<group>"; };
		CF4600D025605B1F0095FC73 /* libTerm.a */ = {isa = PBXFileReference; explicitFileType = archive.ar; includeInIndex = 0; path = libTerm.a; sourceTree = BUILT_PRODUCTS_DIR; };
		CF4D0D3A2A9B8BA5006E4D5A /* ChildrenTracker_UT.cpp */ = {isa = PBXFileReference; fileEncoding = 4; lastKnownFileType = sourcecode.cpp.cpp; path = ChildrenTracker_UT.cpp; sourceTree = "<group>"; };
		CF50996B1F94800F000AFDE7 /* ScrollView.h */ = {isa = PBXFileReference; fileEncoding = 4; lastKnownFileType = sourcecode.c.h; name = ScrollView.h; path = include/Term/ScrollView.h; sourceTree = "<group>"; };
		CF50996D1F948018000AFDE7 /* ScrollView.mm */ = {isa = PBXFileReference; fileEncoding = 4; lastKnownFileType = sourcecode.cpp.objcpp; name = ScrollView.mm; path = source/ScrollView.mm; sourceTree = SOURCE_ROOT; };
		CF50996F1F948400000AFDE7 /* FlippableHolder.h */ = {isa = PBXFileReference; fileEncoding = 4; lastKnownFileType = sourcecode.c.h; name = FlippableHolder.h; path = source/FlippableHolder.h; sourceTree = SOURCE_ROOT; };
		CF5099701F948400000AFDE7 /* FlippableHolder.mm */ = {isa = PBXFileReference; fileEncoding = 4; lastKnownFileType = sourcecode.cpp.objcpp; name = FlippableHolder.mm; path = source/FlippableHolder.mm; sourceTree = SOURCE_ROOT; };
		CF50997B1F948E7C000AFDE7 /* Info.plist */ = {isa = PBXFileReference; lastKnownFileType = text.plist.xml; name = Info.plist; path = ../tests/Info.plist; sourceTree = "<group>"; };
		CF5F392C242F7D56004DF1F8 /* Interpreter.cpp */ = {isa = PBXFileReference; fileEncoding = 4; lastKnownFileType = sourcecode.cpp.cpp; path = Interpreter.cpp; sourceTree = "<group>"; };
		CF5F392E242F7FB2004DF1F8 /* InterpreterImpl.cpp */ = {isa = PBXFileReference; fileEncoding = 4; lastKnownFileType = sourcecode.cpp.cpp; path = InterpreterImpl.cpp; sourceTree = "<group>"; };
		CF5F3930242F7FC6004DF1F8 /* InterpreterImpl.h */ = {isa = PBXFileReference; fileEncoding = 4; lastKnownFileType = sourcecode.c.h; name = InterpreterImpl.h; path = include/Term/InterpreterImpl.h; sourceTree = "<group>"; };
		CF5F3932242FCD23004DF1F8 /* Term_IT.cpp */ = {isa = PBXFileReference; fileEncoding = 4; lastKnownFileType = sourcecode.cpp.cpp; path = Term_IT.cpp; sourceTree = "<group>"; };
		CF5FD92A1FA1AC5100752E59 /* default.xcconfig */ = {isa = PBXFileReference; lastKnownFileType = text.xcconfig; name = default.xcconfig; path = config/default.xcconfig; sourceTree = "<group>"; wrapsLines = 1; };
		CF60DF282A9B733000478BA0 /* ChildrenTracker.h */ = {isa = PBXFileReference; lastKnownFileType = sourcecode.c.h; name = ChildrenTracker.h; path = include/Term/ChildrenTracker.h; sourceTree = "<group>"; };
		CF60DF292A9B733900478BA0 /* ChildrenTracker.cpp */ = {isa = PBXFileReference; fileEncoding = 4; lastKnownFileType = sourcecode.cpp.cpp; path = ChildrenTracker.cpp; sourceTree = "<group>"; };
		CF69DCD9253B17BD00AB1E3A /* AtomicHolder.h */ = {isa = PBXFileReference; lastKnownFileType = sourcecode.c.h; path = AtomicHolder.h; sourceTree = "<group>"; };
		CF739C74295A146A004758C5 /* Color.h */ = {isa = PBXFileReference; lastKnownFileType = sourcecode.c.h; name = Color.h; path = include/Term/Color.h; sourceTree = "<group>"; };
		CF739C75295A14F7004758C5 /* Color.cpp */ = {isa = PBXFileReference; fileEncoding = 4; lastKnownFileType = sourcecode.cpp.cpp; path = Color.cpp; sourceTree = "<group>"; };
		CF739C77295B2610004758C5 /* Color_UT.cpp */ = {isa = PBXFileReference; fileEncoding = 4; lastKnownFileType = sourcecode.cpp.cpp; path = Color_UT.cpp; sourceTree = "<group>"; };
		CF739CC22972059A004758C5 /* ExtendedCharRegistry.h */ = {isa = PBXFileReference; fileEncoding = 4; lastKnownFileType = sourcecode.c.h; name = ExtendedCharRegistry.h; path = include/Term/ExtendedCharRegistry.h; sourceTree = "<group>"; };
		CF739CC4297205A1004758C5 /* ExtendedCharRegistry.mm */ = {isa = PBXFileReference; fileEncoding = 4; lastKnownFileType = sourcecode.cpp.objcpp; path = ExtendedCharRegistry.mm; sourceTree = "<group>"; };
		CF739CDC297C166E004758C5 /* ExtendedCharRegistry_UT.cpp */ = {isa = PBXFileReference; fileEncoding = 4; lastKnownFileType = sourcecode.cpp.cpp; path = ExtendedCharRegistry_UT.cpp; sourceTree = "<group>"; };
		CF739CDF297F3EEE004758C5 /* CTCache.h */ = {isa = PBXFileReference; fileEncoding = 4; lastKnownFileType = sourcecode.c.h; name = CTCache.h; path = include/Term/CTCache.h; sourceTree = "<group>"; };
		CF739CE1297F3EF5004758C5 /* CTCache.cpp */ = {isa = PBXFileReference; fileEncoding = 4; lastKnownFileType = sourcecode.cpp.cpp; path = CTCache.cpp; sourceTree = "<group>"; };
		CF739CEF29B383F9004758C5 /* ColorMap.mm */ = {isa = PBXFileReference; fileEncoding = 4; lastKnownFileType = sourcecode.cpp.objcpp; path = ColorMap.mm; sourceTree = "<group>"; };
		CF739CF129B38401004758C5 /* ColorMap.h */ = {isa = PBXFileReference; fileEncoding = 4; lastKnownFileType = sourcecode.c.h; name = ColorMap.h; path = include/Term/ColorMap.h; sourceTree = "<group>"; };
		CF83CF27243A21C7003AC820 /* Interpreter_UT.cpp */ = {isa = PBXFileReference; fileEncoding = 4; lastKnownFileType = sourcecode.cpp.cpp; path = Interpreter_UT.cpp; sourceTree = "<group>"; };
		CF9D696624A897B5008352B0 /* Screen_UT.cpp */ = {isa = PBXFileReference; fileEncoding = 4; lastKnownFileType = sourcecode.cpp.cpp; path = Screen_UT.cpp; sourceTree = "<group>"; };
		CF9D697E24ADF06D008352B0 /* ScreenBuffer_UT.cpp */ = {isa = PBXFileReference; fileEncoding = 4; lastKnownFileType = sourcecode.cpp.cpp; path = ScreenBuffer_UT.cpp; sourceTree = "<group>"; };
		CFB7456A2416E5850088F5EF /* Interpreter.h */ = {isa = PBXFileReference; fileEncoding = 4; lastKnownFileType = sourcecode.c.h; name = Interpreter.h; path = include/Term/Interpreter.h; sourceTree = "<group>"; };
		CFC4F4C524CA396600DF4ED6 /* InputTranslator.cpp */ = {isa = PBXFileReference; fileEncoding = 4; lastKnownFileType = sourcecode.cpp.cpp; path = InputTranslator.cpp; sourceTree = "<group>"; };
		CFC4F4C724CA397600DF4ED6 /* InputTranslator.h */ = {isa = PBXFileReference; fileEncoding = 4; lastKnownFileType = sourcecode.c.h; name = InputTranslator.h; path = include/Term/InputTranslator.h; sourceTree = "<group>"; };
		CFC4F4C924CA3D1B00DF4ED6 /* InputTranslatorImpl.h */ = {isa = PBXFileReference; fileEncoding = 4; lastKnownFileType = sourcecode.c.h; name = InputTranslatorImpl.h; path = include/Term/InputTranslatorImpl.h; sourceTree = "<group>"; };
		CFC4F4CB24CA3D2000DF4ED6 /* InputTranslatorImpl.mm */ = {isa = PBXFileReference; fileEncoding = 4; lastKnownFileType = sourcecode.cpp.objcpp; path = InputTranslatorImpl.mm; sourceTree = "<group>"; };
		CFE08B2823DCABA4007E99B8 /* Parser.h */ = {isa = PBXFileReference; fileEncoding = 4; lastKnownFileType = sourcecode.c.h; name = Parser.h; path = include/Term/Parser.h; sourceTree = "<group>"; };
		CFE08B2A23DCEAF7007E99B8 /* ParserImpl.h */ = {isa = PBXFileReference; fileEncoding = 4; lastKnownFileType = sourcecode.c.h; name = ParserImpl.h; path = include/Term/ParserImpl.h; sourceTree = "<group>"; };
		CFE08B2C23DCEB04007E99B8 /* Parser.cpp */ = {isa = PBXFileReference; fileEncoding = 4; lastKnownFileType = sourcecode.cpp.cpp; path = Parser.cpp; sourceTree = "<group>"; };
		CFE08B2D23DCEB04007E99B8 /* ParserImpl.cpp */ = {isa = PBXFileReference; fileEncoding = 4; lastKnownFileType = sourcecode.cpp.cpp; path = ParserImpl.cpp; sourceTree = "<group>"; };
		CFE08B3423DCFBD1007E99B8 /* TermUT */ = {isa = PBXFileReference; explicitFileType = "compiled.mach-o.executable"; includeInIndex = 0; path = TermUT; sourceTree = BUILT_PRODUCTS_DIR; };
		CFE08B3B23DCFC15007E99B8 /* Tests.h */ = {isa = PBXFileReference; fileEncoding = 4; lastKnownFileType = sourcecode.c.h; path = Tests.h; sourceTree = "<group>"; };
		CFE08B3C23DCFC15007E99B8 /* Tests.cpp */ = {isa = PBXFileReference; fileEncoding = 4; lastKnownFileType = sourcecode.cpp.cpp; path = Tests.cpp; sourceTree = "<group>"; };
		CFE08B3E23DCFC77007E99B8 /* tests.xcconfig */ = {isa = PBXFileReference; lastKnownFileType = text.xcconfig; name = tests.xcconfig; path = config/tests.xcconfig; sourceTree = "<group>"; };
		CFE08B3F23DCFCF9007E99B8 /* Parser2_UT.cpp */ = {isa = PBXFileReference; fileEncoding = 4; lastKnownFileType = sourcecode.cpp.cpp; path = Parser2_UT.cpp; sourceTree = "<group>"; };
/* End PBXFileReference section */

/* Begin PBXFrameworksBuildPhase section */
		CF0A49DC251F19DB008EC7B0 /* Frameworks */ = {
			isa = PBXFrameworksBuildPhase;
			buildActionMask = 2147483647;
			files = (
			);
			runOnlyForDeploymentPostprocessing = 0;
		};
		CF4600CE25605B1F0095FC73 /* Frameworks */ = {
			isa = PBXFrameworksBuildPhase;
			buildActionMask = 2147483647;
			files = (
			);
			runOnlyForDeploymentPostprocessing = 0;
		};
		CFE08B3123DCFBD1007E99B8 /* Frameworks */ = {
			isa = PBXFrameworksBuildPhase;
			buildActionMask = 2147483647;
			files = (
			);
			runOnlyForDeploymentPostprocessing = 0;
		};
/* End PBXFrameworksBuildPhase section */

/* Begin PBXGroup section */
		CF1ADE011F7E6A2A003E9B76 = {
			isa = PBXGroup;
			children = (
				CF5FD9291FA1AC1200752E59 /* Config */,
				CF1ADE2A1F7E6C3F003E9B76 /* Headers */,
				CF1ADE0C1F7E6A2A003E9B76 /* Source */,
				CF5099781F948E7C000AFDE7 /* Tests */,
				CF1ADE0B1F7E6A2A003E9B76 /* Products */,
				CF1ADE3B1F7E742D003E9B76 /* Frameworks */,
			);
			sourceTree = "<group>";
		};
		CF1ADE0B1F7E6A2A003E9B76 /* Products */ = {
			isa = PBXGroup;
			children = (
				CFE08B3423DCFBD1007E99B8 /* TermUT */,
				CF0A49DF251F19DB008EC7B0 /* TermIT */,
				CF4600D025605B1F0095FC73 /* libTerm.a */,
			);
			name = Products;
			sourceTree = "<group>";
		};
		CF1ADE0C1F7E6A2A003E9B76 /* Source */ = {
			isa = PBXGroup;
			children = (
				CF60DF292A9B733900478BA0 /* ChildrenTracker.cpp */,
				CF739C75295A14F7004758C5 /* Color.cpp */,
				CF739CEF29B383F9004758C5 /* ColorMap.mm */,
				CF739CE1297F3EF5004758C5 /* CTCache.cpp */,
				CF739CC4297205A1004758C5 /* ExtendedCharRegistry.mm */,
				CF50996F1F948400000AFDE7 /* FlippableHolder.h */,
				CF5099701F948400000AFDE7 /* FlippableHolder.mm */,
				CFC4F4C524CA396600DF4ED6 /* InputTranslator.cpp */,
				CFC4F4CB24CA3D2000DF4ED6 /* InputTranslatorImpl.mm */,
				CF5F392C242F7D56004DF1F8 /* Interpreter.cpp */,
				CF5F392E242F7FB2004DF1F8 /* InterpreterImpl.cpp */,
				CF19B4962547611F00838B45 /* Log.cpp */,
				CF0A49B0250D576D008EC7B0 /* OrthodoxMonospace.cpp */,
				CFE08B2C23DCEB04007E99B8 /* Parser.cpp */,
				CFE08B2D23DCEB04007E99B8 /* ParserImpl.cpp */,
				CF1ADE391F7E7379003E9B76 /* Screen.cpp */,
				CF1ADE2B1F7E6C4B003E9B76 /* ScreenBuffer.cpp */,
				CF50996D1F948018000AFDE7 /* ScrollView.mm */,
				CF41351C1F8666BF007429B6 /* Settings.mm */,
				CF4135111F846CF2007429B6 /* ShellTask.cpp */,
				CF4135121F846CF2007429B6 /* SingleTask.cpp */,
				CF4135131F846CF2007429B6 /* Task.cpp */,
				CF1ADE461F7E77AE003E9B76 /* TranslateMaps.cpp */,
				CF1ADE471F7E77AE003E9B76 /* TranslateMaps.h */,
				CF4135241F891165007429B6 /* View.mm */,
			);
			name = Source;
			path = source;
			sourceTree = SOURCE_ROOT;
		};
		CF1ADE2A1F7E6C3F003E9B76 /* Headers */ = {
			isa = PBXGroup;
			children = (
				CF60DF282A9B733000478BA0 /* ChildrenTracker.h */,
				CF739C74295A146A004758C5 /* Color.h */,
				CF739CF129B38401004758C5 /* ColorMap.h */,
				CF739CDF297F3EEE004758C5 /* CTCache.h */,
				CF4135221F890BC8007429B6 /* CursorMode.h */,
				CF739CC22972059A004758C5 /* ExtendedCharRegistry.h */,
				CFC4F4C724CA397600DF4ED6 /* InputTranslator.h */,
				CFC4F4C924CA3D1B00DF4ED6 /* InputTranslatorImpl.h */,
				CFB7456A2416E5850088F5EF /* Interpreter.h */,
				CF5F3930242F7FC6004DF1F8 /* InterpreterImpl.h */,
				CF19B4942547611000838B45 /* Log.h */,
				CF0A49AE250D575C008EC7B0 /* OrthodoxMonospace.h */,
				CFE08B2823DCABA4007E99B8 /* Parser.h */,
				CFE08B2A23DCEAF7007E99B8 /* ParserImpl.h */,
				CF1ADE371F7E7370003E9B76 /* Screen.h */,
				CF1ADE351F7E7344003E9B76 /* ScreenBuffer.h */,
				CF50996B1F94800F000AFDE7 /* ScrollView.h */,
				CF41351A1F8666B4007429B6 /* Settings.h */,
				CF41350A1F846CE6007429B6 /* ShellTask.h */,
				CF41350B1F846CE6007429B6 /* SingleTask.h */,
				CF41350C1F846CE6007429B6 /* Task.h */,
				CF4135261F89116E007429B6 /* View.h */,
			);
			name = Headers;
			sourceTree = "<group>";
		};
		CF1ADE3B1F7E742D003E9B76 /* Frameworks */ = {
			isa = PBXGroup;
			children = (
				CF1ADE441F7E76C4003E9B76 /* Carbon.framework */,
				CF1ADE421F7E76BF003E9B76 /* Cocoa.framework */,
			);
			name = Frameworks;
			sourceTree = "<group>";
		};
		CF5099781F948E7C000AFDE7 /* Tests */ = {
			isa = PBXGroup;
			children = (
				CF69DCD9253B17BD00AB1E3A /* AtomicHolder.h */,
				CF4D0D3A2A9B8BA5006E4D5A /* ChildrenTracker_UT.cpp */,
				CF739C77295B2610004758C5 /* Color_UT.cpp */,
				CF739CDC297C166E004758C5 /* ExtendedCharRegistry_UT.cpp */,
				CF50997B1F948E7C000AFDE7 /* Info.plist */,
				CF0A49CC2516676A008EC7B0 /* InputTranslator_UT.mm */,
				CF83CF27243A21C7003AC820 /* Interpreter_UT.cpp */,
				CFE08B3F23DCFCF9007E99B8 /* Parser2_UT.cpp */,
				CF9D696624A897B5008352B0 /* Screen_UT.cpp */,
				CF9D697E24ADF06D008352B0 /* ScreenBuffer_UT.cpp */,
				CF0A49E6251F1A42008EC7B0 /* ShellTask_IT.cpp */,
				CF5F3932242FCD23004DF1F8 /* Term_IT.cpp */,
				CFE08B3C23DCFC15007E99B8 /* Tests.cpp */,
				CFE08B3B23DCFC15007E99B8 /* Tests.h */,
			);
			name = Tests;
			path = tests;
			sourceTree = SOURCE_ROOT;
		};
		CF5FD9291FA1AC1200752E59 /* Config */ = {
			isa = PBXGroup;
			children = (
				CF5FD92A1FA1AC5100752E59 /* default.xcconfig */,
				CFE08B3E23DCFC77007E99B8 /* tests.xcconfig */,
			);
			name = Config;
			sourceTree = "<group>";
		};
/* End PBXGroup section */

/* Begin PBXHeadersBuildPhase section */
		CF4600CC25605B1F0095FC73 /* Headers */ = {
			isa = PBXHeadersBuildPhase;
			buildActionMask = 2147483647;
			files = (
				CF739CF229B38401004758C5 /* ColorMap.h in Headers */,
				CF739CE0297F3EEE004758C5 /* CTCache.h in Headers */,
				CF739CC32972059B004758C5 /* ExtendedCharRegistry.h in Headers */,
			);
			runOnlyForDeploymentPostprocessing = 0;
		};
/* End PBXHeadersBuildPhase section */

/* Begin PBXNativeTarget section */
		CF0A49DE251F19DB008EC7B0 /* TermIT */ = {
			isa = PBXNativeTarget;
			buildConfigurationList = CF0A49E3251F19DC008EC7B0 /* Build configuration list for PBXNativeTarget "TermIT" */;
			buildPhases = (
				CF0A49DB251F19DB008EC7B0 /* Sources */,
				CF0A49DC251F19DB008EC7B0 /* Frameworks */,
				CF0A49DD251F19DB008EC7B0 /* CopyFiles */,
			);
			buildRules = (
			);
			dependencies = (
				CF2F10FF2567F8A000622405 /* PBXTargetDependency */,
			);
			name = TermIT;
			productName = TermIT;
			productReference = CF0A49DF251F19DB008EC7B0 /* TermIT */;
			productType = "com.apple.product-type.tool";
		};
		CF4600CF25605B1F0095FC73 /* Term */ = {
			isa = PBXNativeTarget;
			buildConfigurationList = CF4600D125605B1F0095FC73 /* Build configuration list for PBXNativeTarget "Term" */;
			buildPhases = (
				CF4600CC25605B1F0095FC73 /* Headers */,
				CF4600CD25605B1F0095FC73 /* Sources */,
				CF4600CE25605B1F0095FC73 /* Frameworks */,
			);
			buildRules = (
			);
			dependencies = (
			);
			name = Term;
			productName = Term;
			productReference = CF4600D025605B1F0095FC73 /* libTerm.a */;
			productType = "com.apple.product-type.library.static";
		};
		CFE08B3323DCFBD1007E99B8 /* TermUT */ = {
			isa = PBXNativeTarget;
			buildConfigurationList = CFE08B3823DCFBD1007E99B8 /* Build configuration list for PBXNativeTarget "TermUT" */;
			buildPhases = (
				CFE08B3023DCFBD1007E99B8 /* Sources */,
				CFE08B3123DCFBD1007E99B8 /* Frameworks */,
				CFE08B3223DCFBD1007E99B8 /* CopyFiles */,
			);
			buildRules = (
			);
			dependencies = (
				CF2F10FD2567F89D00622405 /* PBXTargetDependency */,
			);
			name = TermUT;
			productName = TermUT;
			productReference = CFE08B3423DCFBD1007E99B8 /* TermUT */;
			productType = "com.apple.product-type.tool";
		};
/* End PBXNativeTarget section */

/* Begin PBXProject section */
		CF1ADE021F7E6A2A003E9B76 /* Project object */ = {
			isa = PBXProject;
			attributes = {
				LastUpgradeCheck = 1220;
				ORGANIZATIONNAME = "Michael G. Kazakov";
				TargetAttributes = {
					CF0A49DE251F19DB008EC7B0 = {
						CreatedOnToolsVersion = 11.5;
						ProvisioningStyle = Automatic;
					};
					CF4600CF25605B1F0095FC73 = {
						CreatedOnToolsVersion = 12.0;
					};
					CFE08B3323DCFBD1007E99B8 = {
						CreatedOnToolsVersion = 11.2;
					};
				};
			};
			buildConfigurationList = CF1ADE051F7E6A2A003E9B76 /* Build configuration list for PBXProject "Term" */;
			compatibilityVersion = "Xcode 15.0";
			developmentRegion = en;
			hasScannedForEncodings = 0;
			knownRegions = (
				en,
				Base,
			);
			mainGroup = CF1ADE011F7E6A2A003E9B76;
			productRefGroup = CF1ADE0B1F7E6A2A003E9B76 /* Products */;
			projectDirPath = "";
			projectRoot = "";
			targets = (
				CF4600CF25605B1F0095FC73 /* Term */,
				CFE08B3323DCFBD1007E99B8 /* TermUT */,
				CF0A49DE251F19DB008EC7B0 /* TermIT */,
			);
		};
/* End PBXProject section */

/* Begin PBXSourcesBuildPhase section */
		CF0A49DB251F19DB008EC7B0 /* Sources */ = {
			isa = PBXSourcesBuildPhase;
			buildActionMask = 2147483647;
			files = (
				CF0A49E8251F1A51008EC7B0 /* Tests.cpp in Sources */,
				CF0A49E7251F1A42008EC7B0 /* ShellTask_IT.cpp in Sources */,
			);
			runOnlyForDeploymentPostprocessing = 0;
		};
		CF4600CD25605B1F0095FC73 /* Sources */ = {
			isa = PBXSourcesBuildPhase;
			buildActionMask = 2147483647;
			files = (
				CF739CF029B383F9004758C5 /* ColorMap.mm in Sources */,
				CF4600E525605B830095FC73 /* TranslateMaps.cpp in Sources */,
				CF4600D925605B830095FC73 /* Log.cpp in Sources */,
				CF4600DD25605B830095FC73 /* ShellTask.cpp in Sources */,
				CF4600E425605B830095FC73 /* OrthodoxMonospace.cpp in Sources */,
				CF4600E125605B830095FC73 /* Task.cpp in Sources */,
				CF4600DE25605B830095FC73 /* InterpreterImpl.cpp in Sources */,
				CF4600DC25605B830095FC73 /* ScrollView.mm in Sources */,
				CF739CE2297F3EF5004758C5 /* CTCache.cpp in Sources */,
				CF4600E225605B830095FC73 /* ParserImpl.cpp in Sources */,
				CF4600D825605B830095FC73 /* InputTranslatorImpl.mm in Sources */,
				CF4600DB25605B830095FC73 /* Parser.cpp in Sources */,
				CF4600E625605B830095FC73 /* View.mm in Sources */,
				CF4600E025605B830095FC73 /* Interpreter.cpp in Sources */,
				CF4600DF25605B830095FC73 /* ScreenBuffer.cpp in Sources */,
				CF4600D725605B830095FC73 /* InputTranslator.cpp in Sources */,
				CF4600E325605B830095FC73 /* SingleTask.cpp in Sources */,
				CF739CC5297205A1004758C5 /* ExtendedCharRegistry.mm in Sources */,
				CF4600E725605B830095FC73 /* Settings.mm in Sources */,
				CF60DF2A2A9B733900478BA0 /* ChildrenTracker.cpp in Sources */,
				CF4600DA25605B830095FC73 /* FlippableHolder.mm in Sources */,
				CF4600E825605B830095FC73 /* Screen.cpp in Sources */,
				CF739C76295A14F7004758C5 /* Color.cpp in Sources */,
			);
			runOnlyForDeploymentPostprocessing = 0;
		};
		CFE08B3023DCFBD1007E99B8 /* Sources */ = {
			isa = PBXSourcesBuildPhase;
			buildActionMask = 2147483647;
			files = (
				CF4D0D3B2A9B8BA5006E4D5A /* ChildrenTracker_UT.cpp in Sources */,
				CF5F3934242FCD2B004DF1F8 /* Term_IT.cpp in Sources */,
				CFE08B4023DCFCF9007E99B8 /* Parser2_UT.cpp in Sources */,
				CF9D696724A897B5008352B0 /* Screen_UT.cpp in Sources */,
				CFE08B3D23DCFC15007E99B8 /* Tests.cpp in Sources */,
				CF739C78295B2610004758C5 /* Color_UT.cpp in Sources */,
				CF0A49DA251668E8008EC7B0 /* InputTranslator_UT.mm in Sources */,
				CF9D697F24ADF06D008352B0 /* ScreenBuffer_UT.cpp in Sources */,
				CF739CDE297C1704004758C5 /* ExtendedCharRegistry_UT.cpp in Sources */,
				CF83CF28243A21C8003AC820 /* Interpreter_UT.cpp in Sources */,
			);
			runOnlyForDeploymentPostprocessing = 0;
		};
/* End PBXSourcesBuildPhase section */

/* Begin PBXTargetDependency section */
		CF2F10FD2567F89D00622405 /* PBXTargetDependency */ = {
			isa = PBXTargetDependency;
			target = CF4600CF25605B1F0095FC73 /* Term */;
			targetProxy = CF2F10FC2567F89D00622405 /* PBXContainerItemProxy */;
		};
		CF2F10FF2567F8A000622405 /* PBXTargetDependency */ = {
			isa = PBXTargetDependency;
			target = CF4600CF25605B1F0095FC73 /* Term */;
			targetProxy = CF2F10FE2567F8A000622405 /* PBXContainerItemProxy */;
		};
/* End PBXTargetDependency section */

/* Begin XCBuildConfiguration section */
		CF0A49E4251F19DC008EC7B0 /* Debug */ = {
			isa = XCBuildConfiguration;
			baseConfigurationReference = CFE08B3E23DCFC77007E99B8 /* tests.xcconfig */;
			buildSettings = {
			};
			name = Debug;
		};
		CF0A49E5251F19DC008EC7B0 /* Release */ = {
			isa = XCBuildConfiguration;
			baseConfigurationReference = CFE08B3E23DCFC77007E99B8 /* tests.xcconfig */;
			buildSettings = {
			};
			name = Release;
		};
		CF1ADE131F7E6A2A003E9B76 /* Debug */ = {
			isa = XCBuildConfiguration;
			baseConfigurationReference = CF5FD92A1FA1AC5100752E59 /* default.xcconfig */;
			buildSettings = {
			};
			name = Debug;
		};
		CF1ADE141F7E6A2A003E9B76 /* Release */ = {
			isa = XCBuildConfiguration;
			baseConfigurationReference = CF5FD92A1FA1AC5100752E59 /* default.xcconfig */;
			buildSettings = {
			};
			name = Release;
		};
		CF4600D225605B1F0095FC73 /* Debug */ = {
			isa = XCBuildConfiguration;
			buildSettings = {
				EXECUTABLE_PREFIX = lib;
				PRODUCT_NAME = "$(TARGET_NAME)";
				SKIP_INSTALL = YES;
			};
			name = Debug;
		};
		CF4600D325605B1F0095FC73 /* Release */ = {
			isa = XCBuildConfiguration;
			buildSettings = {
				EXECUTABLE_PREFIX = lib;
				PRODUCT_NAME = "$(TARGET_NAME)";
				SKIP_INSTALL = YES;
			};
			name = Release;
		};
		CFE08B3923DCFBD1007E99B8 /* Debug */ = {
			isa = XCBuildConfiguration;
			baseConfigurationReference = CFE08B3E23DCFC77007E99B8 /* tests.xcconfig */;
			buildSettings = {
			};
			name = Debug;
		};
		CFE08B3A23DCFBD1007E99B8 /* Release */ = {
			isa = XCBuildConfiguration;
			baseConfigurationReference = CFE08B3E23DCFC77007E99B8 /* tests.xcconfig */;
			buildSettings = {
			};
			name = Release;
		};
/* End XCBuildConfiguration section */

/* Begin XCConfigurationList section */
		CF0A49E3251F19DC008EC7B0 /* Build configuration list for PBXNativeTarget "TermIT" */ = {
			isa = XCConfigurationList;
			buildConfigurations = (
				CF0A49E4251F19DC008EC7B0 /* Debug */,
				CF0A49E5251F19DC008EC7B0 /* Release */,
			);
			defaultConfigurationIsVisible = 0;
			defaultConfigurationName = Release;
		};
		CF1ADE051F7E6A2A003E9B76 /* Build configuration list for PBXProject "Term" */ = {
			isa = XCConfigurationList;
			buildConfigurations = (
				CF1ADE131F7E6A2A003E9B76 /* Debug */,
				CF1ADE141F7E6A2A003E9B76 /* Release */,
			);
			defaultConfigurationIsVisible = 0;
			defaultConfigurationName = Release;
		};
		CF4600D125605B1F0095FC73 /* Build configuration list for PBXNativeTarget "Term" */ = {
			isa = XCConfigurationList;
			buildConfigurations = (
				CF4600D225605B1F0095FC73 /* Debug */,
				CF4600D325605B1F0095FC73 /* Release */,
			);
			defaultConfigurationIsVisible = 0;
			defaultConfigurationName = Release;
		};
		CFE08B3823DCFBD1007E99B8 /* Build configuration list for PBXNativeTarget "TermUT" */ = {
			isa = XCConfigurationList;
			buildConfigurations = (
				CFE08B3923DCFBD1007E99B8 /* Debug */,
				CFE08B3A23DCFBD1007E99B8 /* Release */,
			);
			defaultConfigurationIsVisible = 0;
			defaultConfigurationName = Release;
		};
/* End XCConfigurationList section */
	};
	rootObject = CF1ADE021F7E6A2A003E9B76 /* Project object */;
}
